// !$*UTF8*$!
{
	archiveVersion = 1;
	classes = {
	};
	objectVersion = 48;
	objects = {

/* Begin PBXBuildFile section */
		4C194B4C204AFB3500BA744A /* WebKit.framework in Frameworks */ = {isa = PBXBuildFile; fileRef = 4C194B4B204AFB3500BA744A /* WebKit.framework */; };
		4C1AC38221BED6CD00E2F3A5 /* PostingsLoader.swift in Sources */ = {isa = PBXBuildFile; fileRef = 4C1AC38121BED6CD00E2F3A5 /* PostingsLoader.swift */; };
		4C1FDE4B20556472006092C9 /* VertretungsplanViewController.swift in Sources */ = {isa = PBXBuildFile; fileRef = 4C1FDE4A20556472006092C9 /* VertretungsplanViewController.swift */; };
		4C1FDE4E205567C8006092C9 /* Vertretungsplan.swift in Sources */ = {isa = PBXBuildFile; fileRef = 4C1FDE4D205567C8006092C9 /* Vertretungsplan.swift */; };
		4C1FDE50205568E3006092C9 /* ExpandableHeaderView.swift in Sources */ = {isa = PBXBuildFile; fileRef = 4C1FDE4F205568E3006092C9 /* ExpandableHeaderView.swift */; };
		4C1FDE54205C5072006092C9 /* VertretungsplanDetailViewController.swift in Sources */ = {isa = PBXBuildFile; fileRef = 4C1FDE52205C5072006092C9 /* VertretungsplanDetailViewController.swift */; };
		4C1FDE57205D90E5006092C9 /* DetailCollectionViewCell.swift in Sources */ = {isa = PBXBuildFile; fileRef = 4C1FDE56205D90E5006092C9 /* DetailCollectionViewCell.swift */; };
		4C1FDE5A205E77D7006092C9 /* Helper.swift in Sources */ = {isa = PBXBuildFile; fileRef = 4C1FDE59205E77D7006092C9 /* Helper.swift */; };
		4C1FDE5C20603DF1006092C9 /* DetailsCellTableViewCell.swift in Sources */ = {isa = PBXBuildFile; fileRef = 4C1FDE5B20603DF1006092C9 /* DetailsCellTableViewCell.swift */; };
		4C1FDE5E20697516006092C9 /* VertretungsplanLoader.swift in Sources */ = {isa = PBXBuildFile; fileRef = 4C1FDE5D20697510006092C9 /* VertretungsplanLoader.swift */; };
		4C1FDE61206C2644006092C9 /* DashboardViewController.swift in Sources */ = {isa = PBXBuildFile; fileRef = 4C1FDE60206C2644006092C9 /* DashboardViewController.swift */; };
		4C1FDE63206D5FE6006092C9 /* Config.swift in Sources */ = {isa = PBXBuildFile; fileRef = 4C1FDE62206D5FE6006092C9 /* Config.swift */; };
		4C21EAE922BBB269006EE613 /* String.swift in Sources */ = {isa = PBXBuildFile; fileRef = 4C21EAE822BBB269006EE613 /* String.swift */; };
		4C300F392126BFEE00D6E129 /* Pius-App Notification-Extension.appex in Embed App Extensions */ = {isa = PBXBuildFile; fileRef = 4CFB122B210F887E00BC4B44 /* Pius-App Notification-Extension.appex */; settings = {ATTRIBUTES = (RemoveHeadersOnCopy, ); }; };
		4C30DB7921B86617002FCAF3 /* TodayDashboardDetailsCelll.swift in Sources */ = {isa = PBXBuildFile; fileRef = 4C30DB7821B86617002FCAF3 /* TodayDashboardDetailsCelll.swift */; };
		4C30DB7B21BC0C9D002FCAF3 /* TodayCalendarTableView.swift in Sources */ = {isa = PBXBuildFile; fileRef = 4C30DB7A21BC0C9D002FCAF3 /* TodayCalendarTableView.swift */; };
		4C30DB7D21BC0CDF002FCAF3 /* TodayCalendarDetailsCell.swift in Sources */ = {isa = PBXBuildFile; fileRef = 4C30DB7C21BC0CDF002FCAF3 /* TodayCalendarDetailsCell.swift */; };
		4C30DB7F21BD9B84002FCAF3 /* TodayPostingsTableView.swift in Sources */ = {isa = PBXBuildFile; fileRef = 4C30DB7E21BD9B84002FCAF3 /* TodayPostingsTableView.swift */; };
		4C30DB8121BD9BD6002FCAF3 /* TodayPostingsDetailsCell.swift in Sources */ = {isa = PBXBuildFile; fileRef = 4C30DB8021BD9BD6002FCAF3 /* TodayPostingsDetailsCell.swift */; };
		4C48F69F21F4E01300B20505 /* Interface.storyboard in Resources */ = {isa = PBXBuildFile; fileRef = 4C48F69D21F4E01300B20505 /* Interface.storyboard */; };
		4C48F6A121F4E01400B20505 /* Assets.xcassets in Resources */ = {isa = PBXBuildFile; fileRef = 4C48F6A021F4E01400B20505 /* Assets.xcassets */; };
		4C48F6A821F4E01400B20505 /* Pius-App for WatchOS Extension.appex in Embed App Extensions */ = {isa = PBXBuildFile; fileRef = 4C48F6A721F4E01400B20505 /* Pius-App for WatchOS Extension.appex */; settings = {ATTRIBUTES = (RemoveHeadersOnCopy, ); }; };
		4C48F6AD21F4E01400B20505 /* InterfaceController.swift in Sources */ = {isa = PBXBuildFile; fileRef = 4C48F6AC21F4E01400B20505 /* InterfaceController.swift */; };
		4C48F6AF21F4E01400B20505 /* ExtensionDelegate.swift in Sources */ = {isa = PBXBuildFile; fileRef = 4C48F6AE21F4E01400B20505 /* ExtensionDelegate.swift */; };
		4C48F6B121F4E01400B20505 /* NotificationController.swift in Sources */ = {isa = PBXBuildFile; fileRef = 4C48F6B021F4E01400B20505 /* NotificationController.swift */; };
		4C48F6B321F4E01500B20505 /* Assets.xcassets in Resources */ = {isa = PBXBuildFile; fileRef = 4C48F6B221F4E01500B20505 /* Assets.xcassets */; };
		4C48F6B821F4E01500B20505 /* Pius-App for WatchOS.app in Embed Watch Content */ = {isa = PBXBuildFile; fileRef = 4C48F69B21F4E01300B20505 /* Pius-App for WatchOS.app */; };
		4C48F6CA21F641A400B20505 /* AppDefaults.swift in Sources */ = {isa = PBXBuildFile; fileRef = 4CA4907620DE4DDC00796457 /* AppDefaults.swift */; };
		4C48F6D121F6433C00B20505 /* IOSHelper.swift in Sources */ = {isa = PBXBuildFile; fileRef = 4C48F6D021F6433C00B20505 /* IOSHelper.swift */; };
		4C48F6D221F6433C00B20505 /* IOSHelper.swift in Sources */ = {isa = PBXBuildFile; fileRef = 4C48F6D021F6433C00B20505 /* IOSHelper.swift */; };
		4C48F6D521F78F7C00B20505 /* WatchConnectivityHandler.swift in Sources */ = {isa = PBXBuildFile; fileRef = 4C48F6D421F78F7C00B20505 /* WatchConnectivityHandler.swift */; };
		4C5318D02205F82600D6AAFA /* EvaTableViewController.swift in Sources */ = {isa = PBXBuildFile; fileRef = 4C5318CF2205F82600D6AAFA /* EvaTableViewController.swift */; };
		4C55381721B4435C000374D3 /* TodayDashboardTableView.swift in Sources */ = {isa = PBXBuildFile; fileRef = 4C55381621B4435C000374D3 /* TodayDashboardTableView.swift */; };
		4C5AA0132189DAA90040A455 /* VertretungsplanDetailsCell.swift in Sources */ = {isa = PBXBuildFile; fileRef = 4C5AA0122189DAA90040A455 /* VertretungsplanDetailsCell.swift */; };
		4C5E0E7620A498DA00DAE459 /* Cache.swift in Sources */ = {isa = PBXBuildFile; fileRef = 4C5E0E7520A498DA00DAE459 /* Cache.swift */; };
		4C5E0E7B20A8797D00DAE459 /* OnboardingViewController.swift in Sources */ = {isa = PBXBuildFile; fileRef = 4C5E0E7A20A8797D00DAE459 /* OnboardingViewController.swift */; };
		4C69EA6621E213B5008B77FB /* MGSwipeTableCell.framework in Frameworks */ = {isa = PBXBuildFile; fileRef = 4C69EA6521E213B5008B77FB /* MGSwipeTableCell.framework */; };
		4C7C22902043117800ACA17B /* AppDelegate.swift in Sources */ = {isa = PBXBuildFile; fileRef = 4C7C228F2043117700ACA17B /* AppDelegate.swift */; };
		4C7C22922043117800ACA17B /* ViewController.swift in Sources */ = {isa = PBXBuildFile; fileRef = 4C7C22912043117800ACA17B /* ViewController.swift */; };
		4C7C22952043117800ACA17B /* Main.storyboard in Resources */ = {isa = PBXBuildFile; fileRef = 4C7C22932043117800ACA17B /* Main.storyboard */; };
		4C7C22972043117800ACA17B /* Assets.xcassets in Resources */ = {isa = PBXBuildFile; fileRef = 4C7C22962043117800ACA17B /* Assets.xcassets */; };
		4C7C229A2043117800ACA17B /* LaunchScreen.storyboard in Resources */ = {isa = PBXBuildFile; fileRef = 4C7C22982043117800ACA17B /* LaunchScreen.storyboard */; };
		4C7C22A52043117800ACA17B /* Pius_AppUITests.swift in Sources */ = {isa = PBXBuildFile; fileRef = 4C7C22A42043117800ACA17B /* Pius_AppUITests.swift */; };
		4C7E61AA20A438A0000D1225 /* SystemConfiguration.framework in Frameworks */ = {isa = PBXBuildFile; fileRef = 4C7E61A920A4389F000D1225 /* SystemConfiguration.framework */; };
		4C803A2221FB7314009130E0 /* Helper.swift in Sources */ = {isa = PBXBuildFile; fileRef = 4C1FDE59205E77D7006092C9 /* Helper.swift */; };
		4C803A2421FB84D7009130E0 /* Config.swift in Sources */ = {isa = PBXBuildFile; fileRef = 4C1FDE62206D5FE6006092C9 /* Config.swift */; };
		4C8F8C3721CD560200A42862 /* MyCoursesTableViewCell.swift in Sources */ = {isa = PBXBuildFile; fileRef = 4C8F8C3621CD560200A42862 /* MyCoursesTableViewCell.swift */; };
		4C93688022F827C20038CE9B /* TimetableStoryboard.storyboard in Resources */ = {isa = PBXBuildFile; fileRef = 4C93687F22F827C20038CE9B /* TimetableStoryboard.storyboard */; };
		4C93688322F82DA90038CE9B /* TimetableViewController.swift in Sources */ = {isa = PBXBuildFile; fileRef = 4C93688222F82DA90038CE9B /* TimetableViewController.swift */; };
		4C93688D22F82DDA0038CE9B /* TimetableTableViewCell.swift in Sources */ = {isa = PBXBuildFile; fileRef = 4C93688422F82DD90038CE9B /* TimetableTableViewCell.swift */; };
		4C93688E22F82DDA0038CE9B /* CourseTypePickerView.swift in Sources */ = {isa = PBXBuildFile; fileRef = 4C93688522F82DD90038CE9B /* CourseTypePickerView.swift */; };
		4C93688F22F82DDA0038CE9B /* TimetableTableView.swift in Sources */ = {isa = PBXBuildFile; fileRef = 4C93688622F82DD90038CE9B /* TimetableTableView.swift */; };
		4C93689022F82DDA0038CE9B /* CourseItem.swift in Sources */ = {isa = PBXBuildFile; fileRef = 4C93688722F82DDA0038CE9B /* CourseItem.swift */; };
		4C93689122F82DDA0038CE9B /* ScheduleCollectionViewCell.swift in Sources */ = {isa = PBXBuildFile; fileRef = 4C93688822F82DDA0038CE9B /* ScheduleCollectionViewCell.swift */; };
		4C93689222F82DDA0038CE9B /* ScheduleCollectionView.swift in Sources */ = {isa = PBXBuildFile; fileRef = 4C93688922F82DDA0038CE9B /* ScheduleCollectionView.swift */; };
		4C93689322F82DDA0038CE9B /* CourseDetailsViewController.swift in Sources */ = {isa = PBXBuildFile; fileRef = 4C93688A22F82DDA0038CE9B /* CourseDetailsViewController.swift */; };
		4C93689422F82DDA0038CE9B /* CourseCollectionView.swift in Sources */ = {isa = PBXBuildFile; fileRef = 4C93688B22F82DDA0038CE9B /* CourseCollectionView.swift */; };
		4C93689522F82DDA0038CE9B /* CourseCollectionViewCell.swift in Sources */ = {isa = PBXBuildFile; fileRef = 4C93688C22F82DDA0038CE9B /* CourseCollectionViewCell.swift */; };
		4C93689822F82EFF0038CE9B /* ScheduleData.swift in Sources */ = {isa = PBXBuildFile; fileRef = 4C93689722F82EFF0038CE9B /* ScheduleData.swift */; };
		4C93689922F85D500038CE9B /* ScheduleData.swift in Sources */ = {isa = PBXBuildFile; fileRef = 4C93689722F82EFF0038CE9B /* ScheduleData.swift */; };
		4CA4907720DE4DDC00796457 /* AppDefaults.swift in Sources */ = {isa = PBXBuildFile; fileRef = 4CA4907620DE4DDC00796457 /* AppDefaults.swift */; };
		4CA4907920DE532700796457 /* Cache.swift in Sources */ = {isa = PBXBuildFile; fileRef = 4C5E0E7520A498DA00DAE459 /* Cache.swift */; };
		4CA4907A20DEA1C900796457 /* VertretungsplanLoader.swift in Sources */ = {isa = PBXBuildFile; fileRef = 4C1FDE5D20697510006092C9 /* VertretungsplanLoader.swift */; };
		4CA4907C20DEA51400796457 /* KeychainPasswordItem.swift in Sources */ = {isa = PBXBuildFile; fileRef = 4CED4A83204AE3510012CB45 /* KeychainPasswordItem.swift */; };
		4CA4907D20DEA51700796457 /* KeychainConfiguration.swift in Sources */ = {isa = PBXBuildFile; fileRef = 4CED4A82204AE3510012CB45 /* KeychainConfiguration.swift */; };
		4CA4907E20DEA57D00796457 /* Vertretungsplan.swift in Sources */ = {isa = PBXBuildFile; fileRef = 4C1FDE4D205567C8006092C9 /* Vertretungsplan.swift */; };
		4CA4907F20DF9BE100796457 /* Config.swift in Sources */ = {isa = PBXBuildFile; fileRef = 4C1FDE62206D5FE6006092C9 /* Config.swift */; };
		4CA4908020DFABFF00796457 /* Helper.swift in Sources */ = {isa = PBXBuildFile; fileRef = 4C1FDE59205E77D7006092C9 /* Helper.swift */; };
		4CAB552A213AE21A00156A13 /* Helper.swift in Sources */ = {isa = PBXBuildFile; fileRef = 4C1FDE59205E77D7006092C9 /* Helper.swift */; };
		4CAB552B213AE28600156A13 /* Vertretungsplan.swift in Sources */ = {isa = PBXBuildFile; fileRef = 4C1FDE4D205567C8006092C9 /* Vertretungsplan.swift */; };
		4CAB552C213C398200156A13 /* Config.swift in Sources */ = {isa = PBXBuildFile; fileRef = 4C1FDE62206D5FE6006092C9 /* Config.swift */; };
		4CB2AF522198813C007E5D1F /* Reachability.swift in Sources */ = {isa = PBXBuildFile; fileRef = 4CB2AF512198813C007E5D1F /* Reachability.swift */; };
		4CB2AF53219A15BF007E5D1F /* Reachability.swift in Sources */ = {isa = PBXBuildFile; fileRef = 4CB2AF512198813C007E5D1F /* Reachability.swift */; };
		4CB2AF5621A75595007E5D1F /* TodayTableViewController.swift in Sources */ = {isa = PBXBuildFile; fileRef = 4CB2AF5521A75595007E5D1F /* TodayTableViewController.swift */; };
		4CB2AF5821ADBF62007E5D1F /* NewsTableView.swift in Sources */ = {isa = PBXBuildFile; fileRef = 4CB2AF5721ADBF62007E5D1F /* NewsTableView.swift */; };
		4CB2AF5A21ADBFAC007E5D1F /* NewsTableViewCell.swift in Sources */ = {isa = PBXBuildFile; fileRef = 4CB2AF5921ADBFAC007E5D1F /* NewsTableViewCell.swift */; };
		4CB2AF5C21ADC498007E5D1F /* NewsLoader.swift in Sources */ = {isa = PBXBuildFile; fileRef = 4CB2AF5B21ADC498007E5D1F /* NewsLoader.swift */; };
		4CB2AF5E21B302E6007E5D1F /* NewsArticleViewController.swift in Sources */ = {isa = PBXBuildFile; fileRef = 4CB2AF5D21B302E6007E5D1F /* NewsArticleViewController.swift */; };
		4CB3EC7420DC0ECB00BBEAE0 /* NotificationCenter.framework in Frameworks */ = {isa = PBXBuildFile; fileRef = 4CB3EC7320DC0ECB00BBEAE0 /* NotificationCenter.framework */; };
		4CB3EC7720DC0ECB00BBEAE0 /* PiusAppExtensionViewController.swift in Sources */ = {isa = PBXBuildFile; fileRef = 4CB3EC7620DC0ECB00BBEAE0 /* PiusAppExtensionViewController.swift */; };
		4CB3EC7A20DC0ECB00BBEAE0 /* MainInterface.storyboard in Resources */ = {isa = PBXBuildFile; fileRef = 4CB3EC7820DC0ECB00BBEAE0 /* MainInterface.storyboard */; };
		4CB3EC7E20DC0ECB00BBEAE0 /* Pius-App-Extension.appex in Embed App Extensions */ = {isa = PBXBuildFile; fileRef = 4CB3EC7220DC0ECA00BBEAE0 /* Pius-App-Extension.appex */; settings = {ATTRIBUTES = (RemoveHeadersOnCopy, ); }; };
		4CB97F17210A53940019973D /* DeviceTokenManager.swift in Sources */ = {isa = PBXBuildFile; fileRef = 4CB97F16210A53940019973D /* DeviceTokenManager.swift */; };
		4CBC31402218164100CEB1D1 /* EvaLoader.swift in Sources */ = {isa = PBXBuildFile; fileRef = 4CBC313F2218164100CEB1D1 /* EvaLoader.swift */; };
		4CC332CF2180DAB10055E3F5 /* MetaDataTableViewCell.swift in Sources */ = {isa = PBXBuildFile; fileRef = 4CC332CE2180DAB10055E3F5 /* MetaDataTableViewCell.swift */; };
		4CC332D12180DF580055E3F5 /* MetaDataCollectionViewCell.swift in Sources */ = {isa = PBXBuildFile; fileRef = 4CC332D02180DF580055E3F5 /* MetaDataCollectionViewCell.swift */; };
		4CC3F9A821C520D800DB98B7 /* SF-Pro-Display-Regular.otf in Resources */ = {isa = PBXBuildFile; fileRef = 4CC3F9A621C520D700DB98B7 /* SF-Pro-Display-Regular.otf */; };
		4CC3F9A921C520D800DB98B7 /* SF-Pro-Display-Bold.otf in Resources */ = {isa = PBXBuildFile; fileRef = 4CC3F9A721C520D800DB98B7 /* SF-Pro-Display-Bold.otf */; };
		4CD94FFF22C67D9D0056BA9F /* DashboardChangesViewController.swift in Sources */ = {isa = PBXBuildFile; fileRef = 4CD94FFE22C67D9D0056BA9F /* DashboardChangesViewController.swift */; };
		4CD9500122C790150056BA9F /* ChangeListData.swift in Sources */ = {isa = PBXBuildFile; fileRef = 4CD9500022C790150056BA9F /* ChangeListData.swift */; };
		4CEBAD0B21C5613600E152BF /* Kingfisher.framework in Frameworks */ = {isa = PBXBuildFile; fileRef = 4CEBAD0A21C5613600E152BF /* Kingfisher.framework */; };
		4CED4A7D204749580012CB45 /* EinstellungenViewController.swift in Sources */ = {isa = PBXBuildFile; fileRef = 4CED4A7C204749580012CB45 /* EinstellungenViewController.swift */; };
		4CED4A84204AE3510012CB45 /* KeychainConfiguration.swift in Sources */ = {isa = PBXBuildFile; fileRef = 4CED4A82204AE3510012CB45 /* KeychainConfiguration.swift */; };
		4CED4A85204AE3510012CB45 /* KeychainPasswordItem.swift in Sources */ = {isa = PBXBuildFile; fileRef = 4CED4A83204AE3510012CB45 /* KeychainPasswordItem.swift */; };
		4CF02EAF218B559400647078 /* TabBarController.swift in Sources */ = {isa = PBXBuildFile; fileRef = 4CF02EAE218B559400647078 /* TabBarController.swift */; };
		4CF02EB12190C64300647078 /* DateListCollectionViewCell.swift in Sources */ = {isa = PBXBuildFile; fileRef = 4CF02EB02190C64300647078 /* DateListCollectionViewCell.swift */; };
		4CFB105720D0490B00432B1A /* CalendarLoader.swift in Sources */ = {isa = PBXBuildFile; fileRef = 4CFB105620D0490B00432B1A /* CalendarLoader.swift */; };
		4CFB105920D04BA600432B1A /* Calendar.swift in Sources */ = {isa = PBXBuildFile; fileRef = 4CFB105820D04BA600432B1A /* Calendar.swift */; };
		4CFB105B20D1926300432B1A /* MonthButton.swift in Sources */ = {isa = PBXBuildFile; fileRef = 4CFB105A20D1926300432B1A /* MonthButton.swift */; };
		4CFB122D210F887E00BC4B44 /* UserNotifications.framework in Frameworks */ = {isa = PBXBuildFile; fileRef = 4CFB122C210F887E00BC4B44 /* UserNotifications.framework */; };
		4CFB122F210F887E00BC4B44 /* UserNotificationsUI.framework in Frameworks */ = {isa = PBXBuildFile; fileRef = 4CFB122E210F887E00BC4B44 /* UserNotificationsUI.framework */; };
		4CFB1232210F887E00BC4B44 /* NotificationViewController.swift in Sources */ = {isa = PBXBuildFile; fileRef = 4CFB1231210F887E00BC4B44 /* NotificationViewController.swift */; };
		4CFB1235210F887E00BC4B44 /* MainInterface.storyboard in Resources */ = {isa = PBXBuildFile; fileRef = 4CFB1233210F887E00BC4B44 /* MainInterface.storyboard */; };
		4CFBCDD7208925B100E9041D /* MyCoursesViewController.swift in Sources */ = {isa = PBXBuildFile; fileRef = 4CFBCDD6208925B100E9041D /* MyCoursesViewController.swift */; };
		4CFBCDDA208FBB8F00E9041D /* DateListViewController.swift in Sources */ = {isa = PBXBuildFile; fileRef = 4CFBCDD9208FBB8F00E9041D /* DateListViewController.swift */; };
/* End PBXBuildFile section */

/* Begin PBXContainerItemProxy section */
		4C300F3A2126BFEE00D6E129 /* PBXContainerItemProxy */ = {
			isa = PBXContainerItemProxy;
			containerPortal = 4C7C22842043117700ACA17B /* Project object */;
			proxyType = 1;
			remoteGlobalIDString = 4CFB122A210F887E00BC4B44;
			remoteInfo = "Pius-App Notification-Extension";
		};
		4C48F6A921F4E01400B20505 /* PBXContainerItemProxy */ = {
			isa = PBXContainerItemProxy;
			containerPortal = 4C7C22842043117700ACA17B /* Project object */;
			proxyType = 1;
			remoteGlobalIDString = 4C48F6A621F4E01400B20505;
			remoteInfo = "Pius-App for WatchOS Extension";
		};
		4C48F6B621F4E01500B20505 /* PBXContainerItemProxy */ = {
			isa = PBXContainerItemProxy;
			containerPortal = 4C7C22842043117700ACA17B /* Project object */;
			proxyType = 1;
			remoteGlobalIDString = 4C48F69A21F4E01300B20505;
			remoteInfo = "Pius-App for WatchOS";
		};
		4C7C22A12043117800ACA17B /* PBXContainerItemProxy */ = {
			isa = PBXContainerItemProxy;
			containerPortal = 4C7C22842043117700ACA17B /* Project object */;
			proxyType = 1;
			remoteGlobalIDString = 4C7C228B2043117700ACA17B;
			remoteInfo = "Pius-App";
		};
		4CB3EC7C20DC0ECB00BBEAE0 /* PBXContainerItemProxy */ = {
			isa = PBXContainerItemProxy;
			containerPortal = 4C7C22842043117700ACA17B /* Project object */;
			proxyType = 1;
			remoteGlobalIDString = 4CB3EC7120DC0ECA00BBEAE0;
			remoteInfo = "Pius-App-Extension";
		};
/* End PBXContainerItemProxy section */

/* Begin PBXCopyFilesBuildPhase section */
		4C48F6BC21F4E01500B20505 /* Embed App Extensions */ = {
			isa = PBXCopyFilesBuildPhase;
			buildActionMask = 2147483647;
			dstPath = "";
			dstSubfolderSpec = 13;
			files = (
				4C48F6A821F4E01400B20505 /* Pius-App for WatchOS Extension.appex in Embed App Extensions */,
			);
			name = "Embed App Extensions";
			runOnlyForDeploymentPostprocessing = 0;
		};
		4C48F6C021F4E01500B20505 /* Embed Watch Content */ = {
			isa = PBXCopyFilesBuildPhase;
			buildActionMask = 2147483647;
			dstPath = "$(CONTENTS_FOLDER_PATH)/Watch";
			dstSubfolderSpec = 16;
			files = (
				4C48F6B821F4E01500B20505 /* Pius-App for WatchOS.app in Embed Watch Content */,
			);
			name = "Embed Watch Content";
			runOnlyForDeploymentPostprocessing = 0;
		};
		4CB3EC8220DC0ECB00BBEAE0 /* Embed App Extensions */ = {
			isa = PBXCopyFilesBuildPhase;
			buildActionMask = 2147483647;
			dstPath = "";
			dstSubfolderSpec = 13;
			files = (
				4CB3EC7E20DC0ECB00BBEAE0 /* Pius-App-Extension.appex in Embed App Extensions */,
				4C300F392126BFEE00D6E129 /* Pius-App Notification-Extension.appex in Embed App Extensions */,
			);
			name = "Embed App Extensions";
			runOnlyForDeploymentPostprocessing = 0;
		};
/* End PBXCopyFilesBuildPhase section */

/* Begin PBXFileReference section */
		4C194B4B204AFB3500BA744A /* WebKit.framework */ = {isa = PBXFileReference; lastKnownFileType = wrapper.framework; name = WebKit.framework; path = System/Library/Frameworks/WebKit.framework; sourceTree = SDKROOT; };
		4C1AC38121BED6CD00E2F3A5 /* PostingsLoader.swift */ = {isa = PBXFileReference; lastKnownFileType = sourcecode.swift; path = PostingsLoader.swift; sourceTree = "<group>"; };
		4C1FDE4A20556472006092C9 /* VertretungsplanViewController.swift */ = {isa = PBXFileReference; lastKnownFileType = sourcecode.swift; path = VertretungsplanViewController.swift; sourceTree = "<group>"; };
		4C1FDE4D205567C8006092C9 /* Vertretungsplan.swift */ = {isa = PBXFileReference; lastKnownFileType = sourcecode.swift; path = Vertretungsplan.swift; sourceTree = "<group>"; };
		4C1FDE4F205568E3006092C9 /* ExpandableHeaderView.swift */ = {isa = PBXFileReference; lastKnownFileType = sourcecode.swift; path = ExpandableHeaderView.swift; sourceTree = "<group>"; };
		4C1FDE52205C5072006092C9 /* VertretungsplanDetailViewController.swift */ = {isa = PBXFileReference; lastKnownFileType = sourcecode.swift; path = VertretungsplanDetailViewController.swift; sourceTree = "<group>"; };
		4C1FDE56205D90E5006092C9 /* DetailCollectionViewCell.swift */ = {isa = PBXFileReference; lastKnownFileType = sourcecode.swift; path = DetailCollectionViewCell.swift; sourceTree = "<group>"; };
		4C1FDE59205E77D7006092C9 /* Helper.swift */ = {isa = PBXFileReference; lastKnownFileType = sourcecode.swift; path = Helper.swift; sourceTree = "<group>"; };
		4C1FDE5B20603DF1006092C9 /* DetailsCellTableViewCell.swift */ = {isa = PBXFileReference; lastKnownFileType = sourcecode.swift; path = DetailsCellTableViewCell.swift; sourceTree = "<group>"; };
		4C1FDE5D20697510006092C9 /* VertretungsplanLoader.swift */ = {isa = PBXFileReference; lastKnownFileType = sourcecode.swift; path = VertretungsplanLoader.swift; sourceTree = "<group>"; };
		4C1FDE60206C2644006092C9 /* DashboardViewController.swift */ = {isa = PBXFileReference; lastKnownFileType = sourcecode.swift; path = DashboardViewController.swift; sourceTree = "<group>"; };
		4C1FDE62206D5FE6006092C9 /* Config.swift */ = {isa = PBXFileReference; lastKnownFileType = sourcecode.swift; path = Config.swift; sourceTree = "<group>"; };
		4C21EAE822BBB269006EE613 /* String.swift */ = {isa = PBXFileReference; lastKnownFileType = sourcecode.swift; path = String.swift; sourceTree = "<group>"; };
		4C30DB7821B86617002FCAF3 /* TodayDashboardDetailsCelll.swift */ = {isa = PBXFileReference; lastKnownFileType = sourcecode.swift; path = TodayDashboardDetailsCelll.swift; sourceTree = "<group>"; };
		4C30DB7A21BC0C9D002FCAF3 /* TodayCalendarTableView.swift */ = {isa = PBXFileReference; lastKnownFileType = sourcecode.swift; path = TodayCalendarTableView.swift; sourceTree = "<group>"; };
		4C30DB7C21BC0CDF002FCAF3 /* TodayCalendarDetailsCell.swift */ = {isa = PBXFileReference; lastKnownFileType = sourcecode.swift; path = TodayCalendarDetailsCell.swift; sourceTree = "<group>"; };
		4C30DB7E21BD9B84002FCAF3 /* TodayPostingsTableView.swift */ = {isa = PBXFileReference; lastKnownFileType = sourcecode.swift; path = TodayPostingsTableView.swift; sourceTree = "<group>"; };
		4C30DB8021BD9BD6002FCAF3 /* TodayPostingsDetailsCell.swift */ = {isa = PBXFileReference; lastKnownFileType = sourcecode.swift; path = TodayPostingsDetailsCell.swift; sourceTree = "<group>"; };
		4C48F69B21F4E01300B20505 /* Pius-App for WatchOS.app */ = {isa = PBXFileReference; explicitFileType = wrapper.application; includeInIndex = 0; path = "Pius-App for WatchOS.app"; sourceTree = BUILT_PRODUCTS_DIR; };
		4C48F69E21F4E01300B20505 /* Base */ = {isa = PBXFileReference; lastKnownFileType = file.storyboard; name = Base; path = Base.lproj/Interface.storyboard; sourceTree = "<group>"; };
		4C48F6A021F4E01400B20505 /* Assets.xcassets */ = {isa = PBXFileReference; lastKnownFileType = folder.assetcatalog; path = Assets.xcassets; sourceTree = "<group>"; };
		4C48F6A221F4E01400B20505 /* Info.plist */ = {isa = PBXFileReference; lastKnownFileType = text.plist.xml; path = Info.plist; sourceTree = "<group>"; };
		4C48F6A721F4E01400B20505 /* Pius-App for WatchOS Extension.appex */ = {isa = PBXFileReference; explicitFileType = "wrapper.app-extension"; includeInIndex = 0; path = "Pius-App for WatchOS Extension.appex"; sourceTree = BUILT_PRODUCTS_DIR; };
		4C48F6AC21F4E01400B20505 /* InterfaceController.swift */ = {isa = PBXFileReference; lastKnownFileType = sourcecode.swift; path = InterfaceController.swift; sourceTree = "<group>"; };
		4C48F6AE21F4E01400B20505 /* ExtensionDelegate.swift */ = {isa = PBXFileReference; lastKnownFileType = sourcecode.swift; path = ExtensionDelegate.swift; sourceTree = "<group>"; };
		4C48F6B021F4E01400B20505 /* NotificationController.swift */ = {isa = PBXFileReference; lastKnownFileType = sourcecode.swift; path = NotificationController.swift; sourceTree = "<group>"; };
		4C48F6B221F4E01500B20505 /* Assets.xcassets */ = {isa = PBXFileReference; lastKnownFileType = folder.assetcatalog; path = Assets.xcassets; sourceTree = "<group>"; };
		4C48F6B421F4E01500B20505 /* Info.plist */ = {isa = PBXFileReference; lastKnownFileType = text.plist.xml; path = Info.plist; sourceTree = "<group>"; };
		4C48F6B521F4E01500B20505 /* PushNotificationPayload.apns */ = {isa = PBXFileReference; lastKnownFileType = text; path = PushNotificationPayload.apns; sourceTree = "<group>"; };
		4C48F6C821F63D1300B20505 /* Pius-App for WatchOS.entitlements */ = {isa = PBXFileReference; lastKnownFileType = text.plist.entitlements; path = "Pius-App for WatchOS.entitlements"; sourceTree = "<group>"; };
		4C48F6C921F63D2D00B20505 /* Pius-App for WatchOS Extension.entitlements */ = {isa = PBXFileReference; lastKnownFileType = text.plist.entitlements; path = "Pius-App for WatchOS Extension.entitlements"; sourceTree = "<group>"; };
		4C48F6D021F6433C00B20505 /* IOSHelper.swift */ = {isa = PBXFileReference; lastKnownFileType = sourcecode.swift; path = IOSHelper.swift; sourceTree = "<group>"; };
		4C48F6D421F78F7C00B20505 /* WatchConnectivityHandler.swift */ = {isa = PBXFileReference; lastKnownFileType = sourcecode.swift; path = WatchConnectivityHandler.swift; sourceTree = "<group>"; };
		4C5318CF2205F82600D6AAFA /* EvaTableViewController.swift */ = {isa = PBXFileReference; lastKnownFileType = sourcecode.swift; path = EvaTableViewController.swift; sourceTree = "<group>"; };
		4C55381621B4435C000374D3 /* TodayDashboardTableView.swift */ = {isa = PBXFileReference; lastKnownFileType = sourcecode.swift; path = TodayDashboardTableView.swift; sourceTree = "<group>"; };
		4C5AA0122189DAA90040A455 /* VertretungsplanDetailsCell.swift */ = {isa = PBXFileReference; lastKnownFileType = sourcecode.swift; path = VertretungsplanDetailsCell.swift; sourceTree = "<group>"; };
		4C5E0E7520A498DA00DAE459 /* Cache.swift */ = {isa = PBXFileReference; lastKnownFileType = sourcecode.swift; path = Cache.swift; sourceTree = "<group>"; };
		4C5E0E7A20A8797D00DAE459 /* OnboardingViewController.swift */ = {isa = PBXFileReference; lastKnownFileType = sourcecode.swift; path = OnboardingViewController.swift; sourceTree = "<group>"; };
		4C69EA6521E213B5008B77FB /* MGSwipeTableCell.framework */ = {isa = PBXFileReference; lastKnownFileType = wrapper.framework; name = MGSwipeTableCell.framework; path = Carthage/Build/iOS/MGSwipeTableCell.framework; sourceTree = "<group>"; };
		4C7C228C2043117700ACA17B /* Pius-App.app */ = {isa = PBXFileReference; explicitFileType = wrapper.application; includeInIndex = 0; path = "Pius-App.app"; sourceTree = BUILT_PRODUCTS_DIR; };
		4C7C228F2043117700ACA17B /* AppDelegate.swift */ = {isa = PBXFileReference; lastKnownFileType = sourcecode.swift; path = AppDelegate.swift; sourceTree = "<group>"; };
		4C7C22912043117800ACA17B /* ViewController.swift */ = {isa = PBXFileReference; lastKnownFileType = sourcecode.swift; path = ViewController.swift; sourceTree = "<group>"; };
		4C7C22942043117800ACA17B /* Base */ = {isa = PBXFileReference; lastKnownFileType = file.storyboard; name = Base; path = Base.lproj/Main.storyboard; sourceTree = "<group>"; };
		4C7C22962043117800ACA17B /* Assets.xcassets */ = {isa = PBXFileReference; lastKnownFileType = folder.assetcatalog; path = Assets.xcassets; sourceTree = "<group>"; };
		4C7C22992043117800ACA17B /* Base */ = {isa = PBXFileReference; lastKnownFileType = file.storyboard; name = Base; path = Base.lproj/LaunchScreen.storyboard; sourceTree = "<group>"; };
		4C7C229B2043117800ACA17B /* Info.plist */ = {isa = PBXFileReference; lastKnownFileType = text.plist.xml; path = Info.plist; sourceTree = "<group>"; };
		4C7C22A02043117800ACA17B /* Pius-AppUITests.xctest */ = {isa = PBXFileReference; explicitFileType = wrapper.cfbundle; includeInIndex = 0; path = "Pius-AppUITests.xctest"; sourceTree = BUILT_PRODUCTS_DIR; };
		4C7C22A42043117800ACA17B /* Pius_AppUITests.swift */ = {isa = PBXFileReference; lastKnownFileType = sourcecode.swift; path = Pius_AppUITests.swift; sourceTree = "<group>"; };
		4C7C22A62043117800ACA17B /* Info.plist */ = {isa = PBXFileReference; lastKnownFileType = text.plist.xml; path = Info.plist; sourceTree = "<group>"; };
		4C7E61A920A4389F000D1225 /* SystemConfiguration.framework */ = {isa = PBXFileReference; lastKnownFileType = wrapper.framework; name = SystemConfiguration.framework; path = System/Library/Frameworks/SystemConfiguration.framework; sourceTree = SDKROOT; };
		4C8F8C3621CD560200A42862 /* MyCoursesTableViewCell.swift */ = {isa = PBXFileReference; lastKnownFileType = sourcecode.swift; path = MyCoursesTableViewCell.swift; sourceTree = "<group>"; };
		4C93687F22F827C20038CE9B /* TimetableStoryboard.storyboard */ = {isa = PBXFileReference; lastKnownFileType = file.storyboard; path = TimetableStoryboard.storyboard; sourceTree = "<group>"; };
		4C93688222F82DA90038CE9B /* TimetableViewController.swift */ = {isa = PBXFileReference; fileEncoding = 4; lastKnownFileType = sourcecode.swift; name = TimetableViewController.swift; path = ../../../../XCode/Playground/Playground/TimetableViewController.swift; sourceTree = "<group>"; };
		4C93688422F82DD90038CE9B /* TimetableTableViewCell.swift */ = {isa = PBXFileReference; fileEncoding = 4; lastKnownFileType = sourcecode.swift; name = TimetableTableViewCell.swift; path = ../../../../XCode/Playground/Playground/TimetableTableViewCell.swift; sourceTree = "<group>"; };
		4C93688522F82DD90038CE9B /* CourseTypePickerView.swift */ = {isa = PBXFileReference; fileEncoding = 4; lastKnownFileType = sourcecode.swift; name = CourseTypePickerView.swift; path = ../../../../XCode/Playground/Playground/CourseTypePickerView.swift; sourceTree = "<group>"; };
		4C93688622F82DD90038CE9B /* TimetableTableView.swift */ = {isa = PBXFileReference; fileEncoding = 4; lastKnownFileType = sourcecode.swift; name = TimetableTableView.swift; path = ../../../../XCode/Playground/Playground/TimetableTableView.swift; sourceTree = "<group>"; };
		4C93688722F82DDA0038CE9B /* CourseItem.swift */ = {isa = PBXFileReference; fileEncoding = 4; lastKnownFileType = sourcecode.swift; path = CourseItem.swift; sourceTree = "<group>"; };
		4C93688822F82DDA0038CE9B /* ScheduleCollectionViewCell.swift */ = {isa = PBXFileReference; fileEncoding = 4; lastKnownFileType = sourcecode.swift; name = ScheduleCollectionViewCell.swift; path = ../../../../XCode/Playground/Playground/ScheduleCollectionViewCell.swift; sourceTree = "<group>"; };
		4C93688922F82DDA0038CE9B /* ScheduleCollectionView.swift */ = {isa = PBXFileReference; fileEncoding = 4; lastKnownFileType = sourcecode.swift; name = ScheduleCollectionView.swift; path = ../../../../XCode/Playground/Playground/ScheduleCollectionView.swift; sourceTree = "<group>"; };
		4C93688A22F82DDA0038CE9B /* CourseDetailsViewController.swift */ = {isa = PBXFileReference; fileEncoding = 4; lastKnownFileType = sourcecode.swift; name = CourseDetailsViewController.swift; path = ../../../../XCode/Playground/Playground/CourseDetailsViewController.swift; sourceTree = "<group>"; };
		4C93688B22F82DDA0038CE9B /* CourseCollectionView.swift */ = {isa = PBXFileReference; fileEncoding = 4; lastKnownFileType = sourcecode.swift; name = CourseCollectionView.swift; path = ../../../../XCode/Playground/Playground/CourseCollectionView.swift; sourceTree = "<group>"; };
		4C93688C22F82DDA0038CE9B /* CourseCollectionViewCell.swift */ = {isa = PBXFileReference; fileEncoding = 4; lastKnownFileType = sourcecode.swift; name = CourseCollectionViewCell.swift; path = ../../../../XCode/Playground/Playground/CourseCollectionViewCell.swift; sourceTree = "<group>"; };
		4C93689722F82EFF0038CE9B /* ScheduleData.swift */ = {isa = PBXFileReference; fileEncoding = 4; lastKnownFileType = sourcecode.swift; name = ScheduleData.swift; path = ../../../XCode/Playground/Playground/ScheduleData.swift; sourceTree = "<group>"; };
		4CA4907620DE4DDC00796457 /* AppDefaults.swift */ = {isa = PBXFileReference; lastKnownFileType = sourcecode.swift; path = AppDefaults.swift; sourceTree = "<group>"; };
		4CB2AF512198813C007E5D1F /* Reachability.swift */ = {isa = PBXFileReference; fileEncoding = 4; lastKnownFileType = sourcecode.swift; path = Reachability.swift; sourceTree = "<group>"; };
		4CB2AF5521A75595007E5D1F /* TodayTableViewController.swift */ = {isa = PBXFileReference; lastKnownFileType = sourcecode.swift; path = TodayTableViewController.swift; sourceTree = "<group>"; };
		4CB2AF5721ADBF62007E5D1F /* NewsTableView.swift */ = {isa = PBXFileReference; lastKnownFileType = sourcecode.swift; path = NewsTableView.swift; sourceTree = "<group>"; };
		4CB2AF5921ADBFAC007E5D1F /* NewsTableViewCell.swift */ = {isa = PBXFileReference; lastKnownFileType = sourcecode.swift; path = NewsTableViewCell.swift; sourceTree = "<group>"; };
		4CB2AF5B21ADC498007E5D1F /* NewsLoader.swift */ = {isa = PBXFileReference; lastKnownFileType = sourcecode.swift; path = NewsLoader.swift; sourceTree = "<group>"; };
		4CB2AF5D21B302E6007E5D1F /* NewsArticleViewController.swift */ = {isa = PBXFileReference; lastKnownFileType = sourcecode.swift; path = NewsArticleViewController.swift; sourceTree = "<group>"; };
		4CB3EC7220DC0ECA00BBEAE0 /* Pius-App-Extension.appex */ = {isa = PBXFileReference; explicitFileType = "wrapper.app-extension"; includeInIndex = 0; path = "Pius-App-Extension.appex"; sourceTree = BUILT_PRODUCTS_DIR; };
		4CB3EC7320DC0ECB00BBEAE0 /* NotificationCenter.framework */ = {isa = PBXFileReference; lastKnownFileType = wrapper.framework; name = NotificationCenter.framework; path = System/Library/Frameworks/NotificationCenter.framework; sourceTree = SDKROOT; };
		4CB3EC7620DC0ECB00BBEAE0 /* PiusAppExtensionViewController.swift */ = {isa = PBXFileReference; lastKnownFileType = sourcecode.swift; path = PiusAppExtensionViewController.swift; sourceTree = "<group>"; };
		4CB3EC7920DC0ECB00BBEAE0 /* Base */ = {isa = PBXFileReference; lastKnownFileType = file.storyboard; name = Base; path = Base.lproj/MainInterface.storyboard; sourceTree = "<group>"; };
		4CB3EC7B20DC0ECB00BBEAE0 /* Info.plist */ = {isa = PBXFileReference; lastKnownFileType = text.plist.xml; path = Info.plist; sourceTree = "<group>"; };
		4CB3EC8320DC104800BBEAE0 /* Pius-App-Extension.entitlements */ = {isa = PBXFileReference; lastKnownFileType = text.plist.entitlements; path = "Pius-App-Extension.entitlements"; sourceTree = "<group>"; };
		4CB3EC8420DC10D700BBEAE0 /* Pius-App.entitlements */ = {isa = PBXFileReference; lastKnownFileType = text.plist.entitlements; path = "Pius-App.entitlements"; sourceTree = "<group>"; };
		4CB97F16210A53940019973D /* DeviceTokenManager.swift */ = {isa = PBXFileReference; lastKnownFileType = sourcecode.swift; path = DeviceTokenManager.swift; sourceTree = "<group>"; };
		4CBC313F2218164100CEB1D1 /* EvaLoader.swift */ = {isa = PBXFileReference; lastKnownFileType = sourcecode.swift; path = EvaLoader.swift; sourceTree = "<group>"; };
		4CC332CE2180DAB10055E3F5 /* MetaDataTableViewCell.swift */ = {isa = PBXFileReference; lastKnownFileType = sourcecode.swift; path = MetaDataTableViewCell.swift; sourceTree = "<group>"; };
		4CC332D02180DF580055E3F5 /* MetaDataCollectionViewCell.swift */ = {isa = PBXFileReference; lastKnownFileType = sourcecode.swift; path = MetaDataCollectionViewCell.swift; sourceTree = "<group>"; };
		4CC3F9A621C520D700DB98B7 /* SF-Pro-Display-Regular.otf */ = {isa = PBXFileReference; lastKnownFileType = file; path = "SF-Pro-Display-Regular.otf"; sourceTree = "<group>"; };
		4CC3F9A721C520D800DB98B7 /* SF-Pro-Display-Bold.otf */ = {isa = PBXFileReference; lastKnownFileType = file; path = "SF-Pro-Display-Bold.otf"; sourceTree = "<group>"; };
		4CD94FFE22C67D9D0056BA9F /* DashboardChangesViewController.swift */ = {isa = PBXFileReference; lastKnownFileType = sourcecode.swift; path = DashboardChangesViewController.swift; sourceTree = "<group>"; };
		4CD9500022C790150056BA9F /* ChangeListData.swift */ = {isa = PBXFileReference; lastKnownFileType = sourcecode.swift; path = ChangeListData.swift; sourceTree = "<group>"; };
		4CEBAD0A21C5613600E152BF /* Kingfisher.framework */ = {isa = PBXFileReference; lastKnownFileType = wrapper.framework; name = Kingfisher.framework; path = Carthage/Build/iOS/Kingfisher.framework; sourceTree = "<group>"; };
		4CED4A7C204749580012CB45 /* EinstellungenViewController.swift */ = {isa = PBXFileReference; lastKnownFileType = sourcecode.swift; path = EinstellungenViewController.swift; sourceTree = "<group>"; };
		4CED4A80204ADB520012CB45 /* de */ = {isa = PBXFileReference; lastKnownFileType = text.plist.strings; name = de; path = de.lproj/Main.strings; sourceTree = "<group>"; };
		4CED4A81204ADB520012CB45 /* de */ = {isa = PBXFileReference; lastKnownFileType = text.plist.strings; name = de; path = de.lproj/LaunchScreen.strings; sourceTree = "<group>"; };
		4CED4A82204AE3510012CB45 /* KeychainConfiguration.swift */ = {isa = PBXFileReference; fileEncoding = 4; lastKnownFileType = sourcecode.swift; name = KeychainConfiguration.swift; path = ../KeychainConfiguration.swift; sourceTree = "<group>"; };
		4CED4A83204AE3510012CB45 /* KeychainPasswordItem.swift */ = {isa = PBXFileReference; fileEncoding = 4; lastKnownFileType = sourcecode.swift; name = KeychainPasswordItem.swift; path = ../KeychainPasswordItem.swift; sourceTree = "<group>"; };
		4CF02EAE218B559400647078 /* TabBarController.swift */ = {isa = PBXFileReference; lastKnownFileType = sourcecode.swift; path = TabBarController.swift; sourceTree = "<group>"; };
		4CF02EB02190C64300647078 /* DateListCollectionViewCell.swift */ = {isa = PBXFileReference; lastKnownFileType = sourcecode.swift; path = DateListCollectionViewCell.swift; sourceTree = "<group>"; };
		4CFB105620D0490B00432B1A /* CalendarLoader.swift */ = {isa = PBXFileReference; lastKnownFileType = sourcecode.swift; path = CalendarLoader.swift; sourceTree = "<group>"; };
		4CFB105820D04BA600432B1A /* Calendar.swift */ = {isa = PBXFileReference; lastKnownFileType = sourcecode.swift; path = Calendar.swift; sourceTree = "<group>"; };
		4CFB105A20D1926300432B1A /* MonthButton.swift */ = {isa = PBXFileReference; lastKnownFileType = sourcecode.swift; path = MonthButton.swift; sourceTree = "<group>"; };
		4CFB122B210F887E00BC4B44 /* Pius-App Notification-Extension.appex */ = {isa = PBXFileReference; explicitFileType = "wrapper.app-extension"; includeInIndex = 0; path = "Pius-App Notification-Extension.appex"; sourceTree = BUILT_PRODUCTS_DIR; };
		4CFB122C210F887E00BC4B44 /* UserNotifications.framework */ = {isa = PBXFileReference; lastKnownFileType = wrapper.framework; name = UserNotifications.framework; path = System/Library/Frameworks/UserNotifications.framework; sourceTree = SDKROOT; };
		4CFB122E210F887E00BC4B44 /* UserNotificationsUI.framework */ = {isa = PBXFileReference; lastKnownFileType = wrapper.framework; name = UserNotificationsUI.framework; path = System/Library/Frameworks/UserNotificationsUI.framework; sourceTree = SDKROOT; };
		4CFB1231210F887E00BC4B44 /* NotificationViewController.swift */ = {isa = PBXFileReference; lastKnownFileType = sourcecode.swift; path = NotificationViewController.swift; sourceTree = "<group>"; };
		4CFB1234210F887E00BC4B44 /* Base */ = {isa = PBXFileReference; lastKnownFileType = file.storyboard; name = Base; path = Base.lproj/MainInterface.storyboard; sourceTree = "<group>"; };
		4CFB1236210F887E00BC4B44 /* Info.plist */ = {isa = PBXFileReference; lastKnownFileType = text.plist.xml; path = Info.plist; sourceTree = "<group>"; };
		4CFB123D210F888900BC4B44 /* Pius-App Notification-Extension.entitlements */ = {isa = PBXFileReference; lastKnownFileType = text.plist.entitlements; path = "Pius-App Notification-Extension.entitlements"; sourceTree = "<group>"; };
		4CFBCDD6208925B100E9041D /* MyCoursesViewController.swift */ = {isa = PBXFileReference; lastKnownFileType = sourcecode.swift; path = MyCoursesViewController.swift; sourceTree = "<group>"; };
		4CFBCDD9208FBB8F00E9041D /* DateListViewController.swift */ = {isa = PBXFileReference; lastKnownFileType = sourcecode.swift; path = DateListViewController.swift; sourceTree = "<group>"; };
/* End PBXFileReference section */

/* Begin PBXFrameworksBuildPhase section */
		4C48F6A421F4E01400B20505 /* Frameworks */ = {
			isa = PBXFrameworksBuildPhase;
			buildActionMask = 2147483647;
			files = (
			);
			runOnlyForDeploymentPostprocessing = 0;
		};
		4C7C22892043117700ACA17B /* Frameworks */ = {
			isa = PBXFrameworksBuildPhase;
			buildActionMask = 2147483647;
			files = (
				4C69EA6621E213B5008B77FB /* MGSwipeTableCell.framework in Frameworks */,
				4CEBAD0B21C5613600E152BF /* Kingfisher.framework in Frameworks */,
				4C7E61AA20A438A0000D1225 /* SystemConfiguration.framework in Frameworks */,
				4C194B4C204AFB3500BA744A /* WebKit.framework in Frameworks */,
			);
			runOnlyForDeploymentPostprocessing = 0;
		};
		4C7C229D2043117800ACA17B /* Frameworks */ = {
			isa = PBXFrameworksBuildPhase;
			buildActionMask = 2147483647;
			files = (
			);
			runOnlyForDeploymentPostprocessing = 0;
		};
		4CB3EC6F20DC0ECA00BBEAE0 /* Frameworks */ = {
			isa = PBXFrameworksBuildPhase;
			buildActionMask = 2147483647;
			files = (
				4CB3EC7420DC0ECB00BBEAE0 /* NotificationCenter.framework in Frameworks */,
			);
			runOnlyForDeploymentPostprocessing = 0;
		};
		4CFB1228210F887E00BC4B44 /* Frameworks */ = {
			isa = PBXFrameworksBuildPhase;
			buildActionMask = 2147483647;
			files = (
				4CFB122F210F887E00BC4B44 /* UserNotificationsUI.framework in Frameworks */,
				4CFB122D210F887E00BC4B44 /* UserNotifications.framework in Frameworks */,
			);
			runOnlyForDeploymentPostprocessing = 0;
		};
/* End PBXFrameworksBuildPhase section */

/* Begin PBXGroup section */
		4C194B4A204AFB3500BA744A /* Frameworks */ = {
			isa = PBXGroup;
			children = (
				4C69EA6521E213B5008B77FB /* MGSwipeTableCell.framework */,
				4CEBAD0A21C5613600E152BF /* Kingfisher.framework */,
				4C7E61A920A4389F000D1225 /* SystemConfiguration.framework */,
				4C194B4B204AFB3500BA744A /* WebKit.framework */,
				4CB3EC7320DC0ECB00BBEAE0 /* NotificationCenter.framework */,
				4CFB122C210F887E00BC4B44 /* UserNotifications.framework */,
				4CFB122E210F887E00BC4B44 /* UserNotificationsUI.framework */,
			);
			name = Frameworks;
			sourceTree = "<group>";
		};
		4C1FDE4C205567A6006092C9 /* VetretungsplanData */ = {
			isa = PBXGroup;
			children = (
				4C1FDE4D205567C8006092C9 /* Vertretungsplan.swift */,
				4C1FDE4F205568E3006092C9 /* ExpandableHeaderView.swift */,
				4C1FDE5D20697510006092C9 /* VertretungsplanLoader.swift */,
			);
			path = VetretungsplanData;
			sourceTree = "<group>";
		};
		4C1FDE51205C4FEF006092C9 /* VertretungsplanDetailData */ = {
			isa = PBXGroup;
			children = (
				4C1FDE52205C5072006092C9 /* VertretungsplanDetailViewController.swift */,
				4C1FDE56205D90E5006092C9 /* DetailCollectionViewCell.swift */,
				4C1FDE5B20603DF1006092C9 /* DetailsCellTableViewCell.swift */,
				4CD9500022C790150056BA9F /* ChangeListData.swift */,
			);
			path = VertretungsplanDetailData;
			sourceTree = "<group>";
		};
		4C1FDE58205E77BD006092C9 /* Helper */ = {
			isa = PBXGroup;
			children = (
				4C5E0E7520A498DA00DAE459 /* Cache.swift */,
				4CED4A83204AE3510012CB45 /* KeychainPasswordItem.swift */,
				4CED4A82204AE3510012CB45 /* KeychainConfiguration.swift */,
				4C1FDE59205E77D7006092C9 /* Helper.swift */,
				4C1FDE62206D5FE6006092C9 /* Config.swift */,
				4CA4907620DE4DDC00796457 /* AppDefaults.swift */,
				4C48F6D021F6433C00B20505 /* IOSHelper.swift */,
				4C21EAE822BBB269006EE613 /* String.swift */,
			);
			path = Helper;
			sourceTree = "<group>";
		};
		4C1FDE5F206C2614006092C9 /* Dashboard */ = {
			isa = PBXGroup;
			children = (
				4C5318CE2205F7F400D6AAFA /* EVA */,
				4C1FDE60206C2644006092C9 /* DashboardViewController.swift */,
				4CC332D02180DF580055E3F5 /* MetaDataCollectionViewCell.swift */,
				4CC332CE2180DAB10055E3F5 /* MetaDataTableViewCell.swift */,
				4C5AA0122189DAA90040A455 /* VertretungsplanDetailsCell.swift */,
				4CD94FFE22C67D9D0056BA9F /* DashboardChangesViewController.swift */,
			);
			path = Dashboard;
			sourceTree = "<group>";
		};
		4C48F69C21F4E01300B20505 /* Pius-App for WatchOS */ = {
			isa = PBXGroup;
			children = (
				4C48F6C821F63D1300B20505 /* Pius-App for WatchOS.entitlements */,
				4C48F69D21F4E01300B20505 /* Interface.storyboard */,
				4C48F6A021F4E01400B20505 /* Assets.xcassets */,
				4C48F6A221F4E01400B20505 /* Info.plist */,
			);
			path = "Pius-App for WatchOS";
			sourceTree = "<group>";
		};
		4C48F6AB21F4E01400B20505 /* Pius-App for WatchOS Extension */ = {
			isa = PBXGroup;
			children = (
				4C48F6C921F63D2D00B20505 /* Pius-App for WatchOS Extension.entitlements */,
				4C48F6AC21F4E01400B20505 /* InterfaceController.swift */,
				4C48F6AE21F4E01400B20505 /* ExtensionDelegate.swift */,
				4C48F6B021F4E01400B20505 /* NotificationController.swift */,
				4C48F6B221F4E01500B20505 /* Assets.xcassets */,
				4C48F6B421F4E01500B20505 /* Info.plist */,
				4C48F6B521F4E01500B20505 /* PushNotificationPayload.apns */,
			);
			path = "Pius-App for WatchOS Extension";
			sourceTree = "<group>";
		};
		4C48F6D321F78F5200B20505 /* Watch */ = {
			isa = PBXGroup;
			children = (
				4C48F6D421F78F7C00B20505 /* WatchConnectivityHandler.swift */,
			);
			path = Watch;
			sourceTree = "<group>";
		};
		4C5318CE2205F7F400D6AAFA /* EVA */ = {
			isa = PBXGroup;
			children = (
				4C5318CF2205F82600D6AAFA /* EvaTableViewController.swift */,
				4CBC313F2218164100CEB1D1 /* EvaLoader.swift */,
			);
			path = EVA;
			sourceTree = "<group>";
		};
		4C5E0E7720A872C200DAE459 /* OnboardingViewController */ = {
			isa = PBXGroup;
			children = (
				4C5E0E7A20A8797D00DAE459 /* OnboardingViewController.swift */,
			);
			path = OnboardingViewController;
			sourceTree = "<group>";
		};
		4C7C22832043117700ACA17B = {
			isa = PBXGroup;
			children = (
				4C7C228E2043117700ACA17B /* Pius-App */,
				4C7C22A32043117800ACA17B /* Pius-AppUITests */,
				4CB3EC7520DC0ECB00BBEAE0 /* Pius-App-Extension */,
				4CFB1230210F887E00BC4B44 /* Pius-App Notification-Extension */,
				4C48F69C21F4E01300B20505 /* Pius-App for WatchOS */,
				4C48F6AB21F4E01400B20505 /* Pius-App for WatchOS Extension */,
				4C7C228D2043117700ACA17B /* Products */,
				4C194B4A204AFB3500BA744A /* Frameworks */,
			);
			sourceTree = "<group>";
		};
		4C7C228D2043117700ACA17B /* Products */ = {
			isa = PBXGroup;
			children = (
				4C7C228C2043117700ACA17B /* Pius-App.app */,
				4C7C22A02043117800ACA17B /* Pius-AppUITests.xctest */,
				4CB3EC7220DC0ECA00BBEAE0 /* Pius-App-Extension.appex */,
				4CFB122B210F887E00BC4B44 /* Pius-App Notification-Extension.appex */,
				4C48F69B21F4E01300B20505 /* Pius-App for WatchOS.app */,
				4C48F6A721F4E01400B20505 /* Pius-App for WatchOS Extension.appex */,
			);
			name = Products;
			sourceTree = "<group>";
		};
		4C7C228E2043117700ACA17B /* Pius-App */ = {
			isa = PBXGroup;
			children = (
				4CB3EC8420DC10D700BBEAE0 /* Pius-App.entitlements */,
				4C7C22912043117800ACA17B /* ViewController.swift */,
				4CF02EAE218B559400647078 /* TabBarController.swift */,
				4C7C228F2043117700ACA17B /* AppDelegate.swift */,
				4CB2AF512198813C007E5D1F /* Reachability.swift */,
				4C7C22982043117800ACA17B /* LaunchScreen.storyboard */,
				4C7C22932043117800ACA17B /* Main.storyboard */,
				4C93687F22F827C20038CE9B /* TimetableStoryboard.storyboard */,
				4C5E0E7720A872C200DAE459 /* OnboardingViewController */,
				4CB2AF5421A75563007E5D1F /* Today */,
				4C7E61A8209F8860000D1225 /* Vertretungsplan */,
				4C1FDE5F206C2614006092C9 /* Dashboard */,
				4CFBCDD8208FBB6800E9041D /* DateList */,
				4CFBCDD52089256E00E9041D /* Settings */,
				4C1FDE4C205567A6006092C9 /* VetretungsplanData */,
				4C1FDE51205C4FEF006092C9 /* VertretungsplanDetailData */,
				4C93689622F82EE50038CE9B /* TimetableData */,
				4C1FDE58205E77BD006092C9 /* Helper */,
				4C48F6D321F78F5200B20505 /* Watch */,
				4CB97F15210A535F0019973D /* PushService */,
				4CC3F9AA21C520DF00DB98B7 /* Fonts */,
				4C7C22962043117800ACA17B /* Assets.xcassets */,
				4C7C229B2043117800ACA17B /* Info.plist */,
			);
			path = "Pius-App";
			sourceTree = "<group>";
		};
		4C7C22A32043117800ACA17B /* Pius-AppUITests */ = {
			isa = PBXGroup;
			children = (
				4C7C22A42043117800ACA17B /* Pius_AppUITests.swift */,
				4C7C22A62043117800ACA17B /* Info.plist */,
			);
			path = "Pius-AppUITests";
			sourceTree = "<group>";
		};
		4C7E61A8209F8860000D1225 /* Vertretungsplan */ = {
			isa = PBXGroup;
			children = (
				4C1FDE4A20556472006092C9 /* VertretungsplanViewController.swift */,
			);
			name = Vertretungsplan;
			path = "New Group";
			sourceTree = "<group>";
		};
		4C93688122F82C340038CE9B /* Timetable */ = {
			isa = PBXGroup;
			children = (
				4C93688222F82DA90038CE9B /* TimetableViewController.swift */,
				4C93688B22F82DDA0038CE9B /* CourseCollectionView.swift */,
				4C93688C22F82DDA0038CE9B /* CourseCollectionViewCell.swift */,
				4C93688A22F82DDA0038CE9B /* CourseDetailsViewController.swift */,
				4C93688522F82DD90038CE9B /* CourseTypePickerView.swift */,
				4C93688922F82DDA0038CE9B /* ScheduleCollectionView.swift */,
				4C93688822F82DDA0038CE9B /* ScheduleCollectionViewCell.swift */,
				4C93688622F82DD90038CE9B /* TimetableTableView.swift */,
				4C93688422F82DD90038CE9B /* TimetableTableViewCell.swift */,
			);
			path = Timetable;
			sourceTree = "<group>";
		};
		4C93689622F82EE50038CE9B /* TimetableData */ = {
			isa = PBXGroup;
			children = (
				4C93689722F82EFF0038CE9B /* ScheduleData.swift */,
				4C93688722F82DDA0038CE9B /* CourseItem.swift */,
			);
			path = TimetableData;
			sourceTree = "<group>";
		};
		4CB2AF5421A75563007E5D1F /* Today */ = {
			isa = PBXGroup;
			children = (
				4CB2AF5521A75595007E5D1F /* TodayTableViewController.swift */,
				4CB2AF5721ADBF62007E5D1F /* NewsTableView.swift */,
				4CB2AF5921ADBFAC007E5D1F /* NewsTableViewCell.swift */,
				4CB2AF5B21ADC498007E5D1F /* NewsLoader.swift */,
				4CB2AF5D21B302E6007E5D1F /* NewsArticleViewController.swift */,
				4C55381621B4435C000374D3 /* TodayDashboardTableView.swift */,
				4C30DB7821B86617002FCAF3 /* TodayDashboardDetailsCelll.swift */,
				4C30DB7A21BC0C9D002FCAF3 /* TodayCalendarTableView.swift */,
				4C30DB7C21BC0CDF002FCAF3 /* TodayCalendarDetailsCell.swift */,
				4C30DB7E21BD9B84002FCAF3 /* TodayPostingsTableView.swift */,
				4C30DB8021BD9BD6002FCAF3 /* TodayPostingsDetailsCell.swift */,
				4C1AC38121BED6CD00E2F3A5 /* PostingsLoader.swift */,
			);
			path = Today;
			sourceTree = "<group>";
		};
		4CB3EC7520DC0ECB00BBEAE0 /* Pius-App-Extension */ = {
			isa = PBXGroup;
			children = (
				4CB3EC8320DC104800BBEAE0 /* Pius-App-Extension.entitlements */,
				4CB3EC7620DC0ECB00BBEAE0 /* PiusAppExtensionViewController.swift */,
				4CB3EC7820DC0ECB00BBEAE0 /* MainInterface.storyboard */,
				4CB3EC7B20DC0ECB00BBEAE0 /* Info.plist */,
			);
			path = "Pius-App-Extension";
			sourceTree = "<group>";
		};
		4CB97F15210A535F0019973D /* PushService */ = {
			isa = PBXGroup;
			children = (
				4CB97F16210A53940019973D /* DeviceTokenManager.swift */,
			);
			path = PushService;
			sourceTree = "<group>";
		};
		4CC3F9AA21C520DF00DB98B7 /* Fonts */ = {
			isa = PBXGroup;
			children = (
				4CC3F9A721C520D800DB98B7 /* SF-Pro-Display-Bold.otf */,
				4CC3F9A621C520D700DB98B7 /* SF-Pro-Display-Regular.otf */,
			);
			path = Fonts;
			sourceTree = "<group>";
		};
		4CFB105520D048B700432B1A /* CalendarData */ = {
			isa = PBXGroup;
			children = (
				4CFB105620D0490B00432B1A /* CalendarLoader.swift */,
				4CFB105820D04BA600432B1A /* Calendar.swift */,
			);
			path = CalendarData;
			sourceTree = "<group>";
		};
		4CFB1230210F887E00BC4B44 /* Pius-App Notification-Extension */ = {
			isa = PBXGroup;
			children = (
				4CFB123D210F888900BC4B44 /* Pius-App Notification-Extension.entitlements */,
				4CFB1231210F887E00BC4B44 /* NotificationViewController.swift */,
				4CFB1233210F887E00BC4B44 /* MainInterface.storyboard */,
				4CFB1236210F887E00BC4B44 /* Info.plist */,
			);
			path = "Pius-App Notification-Extension";
			sourceTree = "<group>";
		};
		4CFBCDD52089256E00E9041D /* Settings */ = {
			isa = PBXGroup;
			children = (
				4C93688122F82C340038CE9B /* Timetable */,
				4CED4A7C204749580012CB45 /* EinstellungenViewController.swift */,
				4CFBCDD6208925B100E9041D /* MyCoursesViewController.swift */,
				4C8F8C3621CD560200A42862 /* MyCoursesTableViewCell.swift */,
			);
			path = Settings;
			sourceTree = "<group>";
		};
		4CFBCDD8208FBB6800E9041D /* DateList */ = {
			isa = PBXGroup;
			children = (
				4CFB105520D048B700432B1A /* CalendarData */,
				4CFBCDD9208FBB8F00E9041D /* DateListViewController.swift */,
				4CFB105A20D1926300432B1A /* MonthButton.swift */,
				4CF02EB02190C64300647078 /* DateListCollectionViewCell.swift */,
			);
			path = DateList;
			sourceTree = "<group>";
		};
/* End PBXGroup section */

/* Begin PBXNativeTarget section */
		4C48F69A21F4E01300B20505 /* Pius-App for WatchOS */ = {
			isa = PBXNativeTarget;
			buildConfigurationList = 4C48F6BD21F4E01500B20505 /* Build configuration list for PBXNativeTarget "Pius-App for WatchOS" */;
			buildPhases = (
				4C48F69921F4E01300B20505 /* Resources */,
				4C48F6BC21F4E01500B20505 /* Embed App Extensions */,
			);
			buildRules = (
			);
			dependencies = (
				4C48F6AA21F4E01400B20505 /* PBXTargetDependency */,
			);
			name = "Pius-App for WatchOS";
			productName = "Pius-App for WatchOS";
			productReference = 4C48F69B21F4E01300B20505 /* Pius-App for WatchOS.app */;
			productType = "com.apple.product-type.application.watchapp2";
		};
		4C48F6A621F4E01400B20505 /* Pius-App for WatchOS Extension */ = {
			isa = PBXNativeTarget;
			buildConfigurationList = 4C48F6B921F4E01500B20505 /* Build configuration list for PBXNativeTarget "Pius-App for WatchOS Extension" */;
			buildPhases = (
				4C48F6A321F4E01400B20505 /* Sources */,
				4C48F6A421F4E01400B20505 /* Frameworks */,
				4C48F6A521F4E01400B20505 /* Resources */,
			);
			buildRules = (
			);
			dependencies = (
			);
			name = "Pius-App for WatchOS Extension";
			productName = "Pius-App for WatchOS Extension";
			productReference = 4C48F6A721F4E01400B20505 /* Pius-App for WatchOS Extension.appex */;
			productType = "com.apple.product-type.watchkit2-extension";
		};
		4C7C228B2043117700ACA17B /* Pius-App */ = {
			isa = PBXNativeTarget;
			buildConfigurationList = 4C7C22A92043117800ACA17B /* Build configuration list for PBXNativeTarget "Pius-App" */;
			buildPhases = (
				4C7C22882043117700ACA17B /* Sources */,
				4C7C22892043117700ACA17B /* Frameworks */,
				4C7C228A2043117700ACA17B /* Resources */,
				4CB3EC8220DC0ECB00BBEAE0 /* Embed App Extensions */,
				4CEBAD0C21C5618D00E152BF /* ShellScript */,
				4C48F6C021F4E01500B20505 /* Embed Watch Content */,
			);
			buildRules = (
			);
			dependencies = (
				4CB3EC7D20DC0ECB00BBEAE0 /* PBXTargetDependency */,
				4C300F3B2126BFEE00D6E129 /* PBXTargetDependency */,
				4C48F6B721F4E01500B20505 /* PBXTargetDependency */,
			);
			name = "Pius-App";
			productName = "Pius-App";
			productReference = 4C7C228C2043117700ACA17B /* Pius-App.app */;
			productType = "com.apple.product-type.application";
		};
		4C7C229F2043117800ACA17B /* Pius-AppUITests */ = {
			isa = PBXNativeTarget;
			buildConfigurationList = 4C7C22AC2043117800ACA17B /* Build configuration list for PBXNativeTarget "Pius-AppUITests" */;
			buildPhases = (
				4C7C229C2043117800ACA17B /* Sources */,
				4C7C229D2043117800ACA17B /* Frameworks */,
				4C7C229E2043117800ACA17B /* Resources */,
			);
			buildRules = (
			);
			dependencies = (
				4C7C22A22043117800ACA17B /* PBXTargetDependency */,
			);
			name = "Pius-AppUITests";
			productName = "Pius-AppUITests";
			productReference = 4C7C22A02043117800ACA17B /* Pius-AppUITests.xctest */;
			productType = "com.apple.product-type.bundle.ui-testing";
		};
		4CB3EC7120DC0ECA00BBEAE0 /* Pius-App-Extension */ = {
			isa = PBXNativeTarget;
			buildConfigurationList = 4CB3EC8120DC0ECB00BBEAE0 /* Build configuration list for PBXNativeTarget "Pius-App-Extension" */;
			buildPhases = (
				4CB3EC6E20DC0ECA00BBEAE0 /* Sources */,
				4CB3EC6F20DC0ECA00BBEAE0 /* Frameworks */,
				4CB3EC7020DC0ECA00BBEAE0 /* Resources */,
			);
			buildRules = (
			);
			dependencies = (
			);
			name = "Pius-App-Extension";
			productName = "Pius-App-Extension";
			productReference = 4CB3EC7220DC0ECA00BBEAE0 /* Pius-App-Extension.appex */;
			productType = "com.apple.product-type.app-extension";
		};
		4CFB122A210F887E00BC4B44 /* Pius-App Notification-Extension */ = {
			isa = PBXNativeTarget;
			buildConfigurationList = 4CFB123C210F887E00BC4B44 /* Build configuration list for PBXNativeTarget "Pius-App Notification-Extension" */;
			buildPhases = (
				4CFB1227210F887E00BC4B44 /* Sources */,
				4CFB1228210F887E00BC4B44 /* Frameworks */,
				4CFB1229210F887E00BC4B44 /* Resources */,
			);
			buildRules = (
			);
			dependencies = (
			);
			name = "Pius-App Notification-Extension";
			productName = "Pius-App Notification-Extension";
			productReference = 4CFB122B210F887E00BC4B44 /* Pius-App Notification-Extension.appex */;
			productType = "com.apple.product-type.app-extension";
		};
/* End PBXNativeTarget section */

/* Begin PBXProject section */
		4C7C22842043117700ACA17B /* Project object */ = {
			isa = PBXProject;
			attributes = {
				LastSwiftUpdateCheck = 1010;
				LastUpgradeCheck = 0940;
				ORGANIZATIONNAME = "Felix Krings";
				TargetAttributes = {
					4C48F69A21F4E01300B20505 = {
						CreatedOnToolsVersion = 10.1;
						ProvisioningStyle = Manual;
						SystemCapabilities = {
							com.apple.ApplicationGroups.iOS = {
								enabled = 1;
							};
						};
					};
					4C48F6A621F4E01400B20505 = {
						CreatedOnToolsVersion = 10.1;
						LastSwiftMigration = 1020;
						ProvisioningStyle = Manual;
						SystemCapabilities = {
							com.apple.ApplicationGroups.iOS = {
								enabled = 1;
							};
							com.apple.Push = {
								enabled = 0;
							};
						};
					};
					4C7C228B2043117700ACA17B = {
						CreatedOnToolsVersion = 9.2;
						LastSwiftMigration = 1020;
						ProvisioningStyle = Manual;
						SystemCapabilities = {
							com.apple.ApplicationGroups.iOS = {
								enabled = 1;
							};
							com.apple.BackgroundModes = {
								enabled = 1;
							};
							com.apple.Push = {
								enabled = 1;
							};
						};
					};
					4C7C229F2043117800ACA17B = {
						CreatedOnToolsVersion = 9.2;
						LastSwiftMigration = 1020;
						ProvisioningStyle = Automatic;
						TestTargetID = 4C7C228B2043117700ACA17B;
					};
					4CB3EC7120DC0ECA00BBEAE0 = {
						CreatedOnToolsVersion = 9.4.1;
						LastSwiftMigration = 1020;
						ProvisioningStyle = Manual;
						SystemCapabilities = {
							com.apple.ApplicationGroups.iOS = {
								enabled = 1;
							};
						};
					};
					4CFB122A210F887E00BC4B44 = {
						CreatedOnToolsVersion = 9.4.1;
						LastSwiftMigration = 1020;
						ProvisioningStyle = Manual;
						SystemCapabilities = {
							com.apple.ApplicationGroups.iOS = {
								enabled = 1;
							};
						};
					};
				};
			};
			buildConfigurationList = 4C7C22872043117700ACA17B /* Build configuration list for PBXProject "Pius-App" */;
			compatibilityVersion = "Xcode 8.0";
			developmentRegion = en;
			hasScannedForEncodings = 0;
			knownRegions = (
				en,
				Base,
				de,
			);
			mainGroup = 4C7C22832043117700ACA17B;
			productRefGroup = 4C7C228D2043117700ACA17B /* Products */;
			projectDirPath = "";
			projectRoot = "";
			targets = (
				4C7C228B2043117700ACA17B /* Pius-App */,
				4C7C229F2043117800ACA17B /* Pius-AppUITests */,
				4CB3EC7120DC0ECA00BBEAE0 /* Pius-App-Extension */,
				4CFB122A210F887E00BC4B44 /* Pius-App Notification-Extension */,
				4C48F69A21F4E01300B20505 /* Pius-App for WatchOS */,
				4C48F6A621F4E01400B20505 /* Pius-App for WatchOS Extension */,
			);
		};
/* End PBXProject section */

/* Begin PBXResourcesBuildPhase section */
		4C48F69921F4E01300B20505 /* Resources */ = {
			isa = PBXResourcesBuildPhase;
			buildActionMask = 2147483647;
			files = (
				4C48F6A121F4E01400B20505 /* Assets.xcassets in Resources */,
				4C48F69F21F4E01300B20505 /* Interface.storyboard in Resources */,
			);
			runOnlyForDeploymentPostprocessing = 0;
		};
		4C48F6A521F4E01400B20505 /* Resources */ = {
			isa = PBXResourcesBuildPhase;
			buildActionMask = 2147483647;
			files = (
				4C48F6B321F4E01500B20505 /* Assets.xcassets in Resources */,
			);
			runOnlyForDeploymentPostprocessing = 0;
		};
		4C7C228A2043117700ACA17B /* Resources */ = {
			isa = PBXResourcesBuildPhase;
			buildActionMask = 2147483647;
			files = (
				4C7C229A2043117800ACA17B /* LaunchScreen.storyboard in Resources */,
				4CC3F9A921C520D800DB98B7 /* SF-Pro-Display-Bold.otf in Resources */,
				4C7C22972043117800ACA17B /* Assets.xcassets in Resources */,
				4CC3F9A821C520D800DB98B7 /* SF-Pro-Display-Regular.otf in Resources */,
				4C7C22952043117800ACA17B /* Main.storyboard in Resources */,
				4C93688022F827C20038CE9B /* TimetableStoryboard.storyboard in Resources */,
			);
			runOnlyForDeploymentPostprocessing = 0;
		};
		4C7C229E2043117800ACA17B /* Resources */ = {
			isa = PBXResourcesBuildPhase;
			buildActionMask = 2147483647;
			files = (
			);
			runOnlyForDeploymentPostprocessing = 0;
		};
		4CB3EC7020DC0ECA00BBEAE0 /* Resources */ = {
			isa = PBXResourcesBuildPhase;
			buildActionMask = 2147483647;
			files = (
				4CB3EC7A20DC0ECB00BBEAE0 /* MainInterface.storyboard in Resources */,
			);
			runOnlyForDeploymentPostprocessing = 0;
		};
		4CFB1229210F887E00BC4B44 /* Resources */ = {
			isa = PBXResourcesBuildPhase;
			buildActionMask = 2147483647;
			files = (
				4CFB1235210F887E00BC4B44 /* MainInterface.storyboard in Resources */,
			);
			runOnlyForDeploymentPostprocessing = 0;
		};
/* End PBXResourcesBuildPhase section */

/* Begin PBXShellScriptBuildPhase section */
		4CEBAD0C21C5618D00E152BF /* ShellScript */ = {
			isa = PBXShellScriptBuildPhase;
			buildActionMask = 2147483647;
			files = (
			);
			inputFileListPaths = (
			);
			inputPaths = (
				"$(SRCROOT)/Carthage/Build/iOS/Kingfisher.framework",
				"$(SRCROOT)/Carthage/Build/iOS/MGSwipeTableCell.framework",
			);
			outputFileListPaths = (
			);
			outputPaths = (
				"$(BUILT_PRODUCTS_DIR)/$(FRAMEWORKS_FOLDER_PATH)/Kingfisher.framework",
			);
			runOnlyForDeploymentPostprocessing = 0;
			shellPath = /bin/sh;
			shellScript = "/usr/local/bin/carthage copy-frameworks\n";
		};
/* End PBXShellScriptBuildPhase section */

/* Begin PBXSourcesBuildPhase section */
		4C48F6A321F4E01400B20505 /* Sources */ = {
			isa = PBXSourcesBuildPhase;
			buildActionMask = 2147483647;
			files = (
				4C48F6B121F4E01400B20505 /* NotificationController.swift in Sources */,
				4C48F6AF21F4E01400B20505 /* ExtensionDelegate.swift in Sources */,
				4C803A2421FB84D7009130E0 /* Config.swift in Sources */,
				4C48F6AD21F4E01400B20505 /* InterfaceController.swift in Sources */,
				4C803A2221FB7314009130E0 /* Helper.swift in Sources */,
			);
			runOnlyForDeploymentPostprocessing = 0;
		};
		4C7C22882043117700ACA17B /* Sources */ = {
			isa = PBXSourcesBuildPhase;
			buildActionMask = 2147483647;
			files = (
				4C1FDE54205C5072006092C9 /* VertretungsplanDetailViewController.swift in Sources */,
				4CFBCDD7208925B100E9041D /* MyCoursesViewController.swift in Sources */,
				4CB2AF5E21B302E6007E5D1F /* NewsArticleViewController.swift in Sources */,
				4CD9500122C790150056BA9F /* ChangeListData.swift in Sources */,
				4CC332D12180DF580055E3F5 /* MetaDataCollectionViewCell.swift in Sources */,
				4CB2AF5A21ADBFAC007E5D1F /* NewsTableViewCell.swift in Sources */,
				4C5318D02205F82600D6AAFA /* EvaTableViewController.swift in Sources */,
				4CC332CF2180DAB10055E3F5 /* MetaDataTableViewCell.swift in Sources */,
				4C1FDE61206C2644006092C9 /* DashboardViewController.swift in Sources */,
				4C1FDE63206D5FE6006092C9 /* Config.swift in Sources */,
				4CED4A85204AE3510012CB45 /* KeychainPasswordItem.swift in Sources */,
				4C1FDE5A205E77D7006092C9 /* Helper.swift in Sources */,
				4C30DB7F21BD9B84002FCAF3 /* TodayPostingsTableView.swift in Sources */,
				4CD94FFF22C67D9D0056BA9F /* DashboardChangesViewController.swift in Sources */,
				4C93689122F82DDA0038CE9B /* ScheduleCollectionViewCell.swift in Sources */,
				4CF02EB12190C64300647078 /* DateListCollectionViewCell.swift in Sources */,
				4C48F6D521F78F7C00B20505 /* WatchConnectivityHandler.swift in Sources */,
				4C7C22922043117800ACA17B /* ViewController.swift in Sources */,
				4C93688D22F82DDA0038CE9B /* TimetableTableViewCell.swift in Sources */,
				4C1FDE57205D90E5006092C9 /* DetailCollectionViewCell.swift in Sources */,
				4C30DB7D21BC0CDF002FCAF3 /* TodayCalendarDetailsCell.swift in Sources */,
				4C30DB7B21BC0C9D002FCAF3 /* TodayCalendarTableView.swift in Sources */,
				4C93689022F82DDA0038CE9B /* CourseItem.swift in Sources */,
				4C30DB8121BD9BD6002FCAF3 /* TodayPostingsDetailsCell.swift in Sources */,
				4C1FDE4E205567C8006092C9 /* Vertretungsplan.swift in Sources */,
				4C93688322F82DA90038CE9B /* TimetableViewController.swift in Sources */,
				4C93689222F82DDA0038CE9B /* ScheduleCollectionView.swift in Sources */,
				4CF02EAF218B559400647078 /* TabBarController.swift in Sources */,
				4C1FDE5C20603DF1006092C9 /* DetailsCellTableViewCell.swift in Sources */,
				4CB2AF5821ADBF62007E5D1F /* NewsTableView.swift in Sources */,
				4C93689422F82DDA0038CE9B /* CourseCollectionView.swift in Sources */,
				4C5E0E7620A498DA00DAE459 /* Cache.swift in Sources */,
				4C8F8C3721CD560200A42862 /* MyCoursesTableViewCell.swift in Sources */,
				4C93689522F82DDA0038CE9B /* CourseCollectionViewCell.swift in Sources */,
				4CFB105920D04BA600432B1A /* Calendar.swift in Sources */,
				4C7C22902043117800ACA17B /* AppDelegate.swift in Sources */,
				4CFB105B20D1926300432B1A /* MonthButton.swift in Sources */,
				4CB2AF5621A75595007E5D1F /* TodayTableViewController.swift in Sources */,
				4CB2AF5C21ADC498007E5D1F /* NewsLoader.swift in Sources */,
				4C21EAE922BBB269006EE613 /* String.swift in Sources */,
				4C5AA0132189DAA90040A455 /* VertretungsplanDetailsCell.swift in Sources */,
				4C30DB7921B86617002FCAF3 /* TodayDashboardDetailsCelll.swift in Sources */,
				4C93688F22F82DDA0038CE9B /* TimetableTableView.swift in Sources */,
				4C5E0E7B20A8797D00DAE459 /* OnboardingViewController.swift in Sources */,
				4C93688E22F82DDA0038CE9B /* CourseTypePickerView.swift in Sources */,
				4CFB105720D0490B00432B1A /* CalendarLoader.swift in Sources */,
				4C1AC38221BED6CD00E2F3A5 /* PostingsLoader.swift in Sources */,
				4C48F6D121F6433C00B20505 /* IOSHelper.swift in Sources */,
				4CED4A84204AE3510012CB45 /* KeychainConfiguration.swift in Sources */,
				4CB97F17210A53940019973D /* DeviceTokenManager.swift in Sources */,
				4C1FDE50205568E3006092C9 /* ExpandableHeaderView.swift in Sources */,
				4CBC31402218164100CEB1D1 /* EvaLoader.swift in Sources */,
				4C93689322F82DDA0038CE9B /* CourseDetailsViewController.swift in Sources */,
				4C1FDE5E20697516006092C9 /* VertretungsplanLoader.swift in Sources */,
				4C55381721B4435C000374D3 /* TodayDashboardTableView.swift in Sources */,
				4CA4907720DE4DDC00796457 /* AppDefaults.swift in Sources */,
				4CED4A7D204749580012CB45 /* EinstellungenViewController.swift in Sources */,
				4C1FDE4B20556472006092C9 /* VertretungsplanViewController.swift in Sources */,
				4CB2AF522198813C007E5D1F /* Reachability.swift in Sources */,
				4CFBCDDA208FBB8F00E9041D /* DateListViewController.swift in Sources */,
				4C93689822F82EFF0038CE9B /* ScheduleData.swift in Sources */,
			);
			runOnlyForDeploymentPostprocessing = 0;
		};
		4C7C229C2043117800ACA17B /* Sources */ = {
			isa = PBXSourcesBuildPhase;
			buildActionMask = 2147483647;
			files = (
				4C7C22A52043117800ACA17B /* Pius_AppUITests.swift in Sources */,
			);
			runOnlyForDeploymentPostprocessing = 0;
		};
		4CB3EC6E20DC0ECA00BBEAE0 /* Sources */ = {
			isa = PBXSourcesBuildPhase;
			buildActionMask = 2147483647;
			files = (
				4C48F6D221F6433C00B20505 /* IOSHelper.swift in Sources */,
				4CB3EC7720DC0ECB00BBEAE0 /* PiusAppExtensionViewController.swift in Sources */,
				4C48F6CA21F641A400B20505 /* AppDefaults.swift in Sources */,
				4CA4907A20DEA1C900796457 /* VertretungsplanLoader.swift in Sources */,
				4C93689922F85D500038CE9B /* ScheduleData.swift in Sources */,
				4CA4907F20DF9BE100796457 /* Config.swift in Sources */,
				4CA4907920DE532700796457 /* Cache.swift in Sources */,
				4CA4907E20DEA57D00796457 /* Vertretungsplan.swift in Sources */,
				4CA4907D20DEA51700796457 /* KeychainConfiguration.swift in Sources */,
				4CA4908020DFABFF00796457 /* Helper.swift in Sources */,
				4CB2AF53219A15BF007E5D1F /* Reachability.swift in Sources */,
				4CA4907C20DEA51400796457 /* KeychainPasswordItem.swift in Sources */,
			);
			runOnlyForDeploymentPostprocessing = 0;
		};
		4CFB1227210F887E00BC4B44 /* Sources */ = {
			isa = PBXSourcesBuildPhase;
			buildActionMask = 2147483647;
			files = (
				4CAB552A213AE21A00156A13 /* Helper.swift in Sources */,
				4CAB552C213C398200156A13 /* Config.swift in Sources */,
				4CFB1232210F887E00BC4B44 /* NotificationViewController.swift in Sources */,
				4CAB552B213AE28600156A13 /* Vertretungsplan.swift in Sources */,
			);
			runOnlyForDeploymentPostprocessing = 0;
		};
/* End PBXSourcesBuildPhase section */

/* Begin PBXTargetDependency section */
		4C300F3B2126BFEE00D6E129 /* PBXTargetDependency */ = {
			isa = PBXTargetDependency;
			target = 4CFB122A210F887E00BC4B44 /* Pius-App Notification-Extension */;
			targetProxy = 4C300F3A2126BFEE00D6E129 /* PBXContainerItemProxy */;
		};
		4C48F6AA21F4E01400B20505 /* PBXTargetDependency */ = {
			isa = PBXTargetDependency;
			target = 4C48F6A621F4E01400B20505 /* Pius-App for WatchOS Extension */;
			targetProxy = 4C48F6A921F4E01400B20505 /* PBXContainerItemProxy */;
		};
		4C48F6B721F4E01500B20505 /* PBXTargetDependency */ = {
			isa = PBXTargetDependency;
			target = 4C48F69A21F4E01300B20505 /* Pius-App for WatchOS */;
			targetProxy = 4C48F6B621F4E01500B20505 /* PBXContainerItemProxy */;
		};
		4C7C22A22043117800ACA17B /* PBXTargetDependency */ = {
			isa = PBXTargetDependency;
			target = 4C7C228B2043117700ACA17B /* Pius-App */;
			targetProxy = 4C7C22A12043117800ACA17B /* PBXContainerItemProxy */;
		};
		4CB3EC7D20DC0ECB00BBEAE0 /* PBXTargetDependency */ = {
			isa = PBXTargetDependency;
			target = 4CB3EC7120DC0ECA00BBEAE0 /* Pius-App-Extension */;
			targetProxy = 4CB3EC7C20DC0ECB00BBEAE0 /* PBXContainerItemProxy */;
		};
/* End PBXTargetDependency section */

/* Begin PBXVariantGroup section */
		4C48F69D21F4E01300B20505 /* Interface.storyboard */ = {
			isa = PBXVariantGroup;
			children = (
				4C48F69E21F4E01300B20505 /* Base */,
			);
			name = Interface.storyboard;
			sourceTree = "<group>";
		};
		4C7C22932043117800ACA17B /* Main.storyboard */ = {
			isa = PBXVariantGroup;
			children = (
				4C7C22942043117800ACA17B /* Base */,
				4CED4A80204ADB520012CB45 /* de */,
			);
			name = Main.storyboard;
			sourceTree = "<group>";
		};
		4C7C22982043117800ACA17B /* LaunchScreen.storyboard */ = {
			isa = PBXVariantGroup;
			children = (
				4C7C22992043117800ACA17B /* Base */,
				4CED4A81204ADB520012CB45 /* de */,
			);
			name = LaunchScreen.storyboard;
			sourceTree = "<group>";
		};
		4CB3EC7820DC0ECB00BBEAE0 /* MainInterface.storyboard */ = {
			isa = PBXVariantGroup;
			children = (
				4CB3EC7920DC0ECB00BBEAE0 /* Base */,
			);
			name = MainInterface.storyboard;
			sourceTree = "<group>";
		};
		4CFB1233210F887E00BC4B44 /* MainInterface.storyboard */ = {
			isa = PBXVariantGroup;
			children = (
				4CFB1234210F887E00BC4B44 /* Base */,
			);
			name = MainInterface.storyboard;
			sourceTree = "<group>";
		};
/* End PBXVariantGroup section */

/* Begin XCBuildConfiguration section */
		4C48F6BA21F4E01500B20505 /* Debug */ = {
			isa = XCBuildConfiguration;
			buildSettings = {
				ASSETCATALOG_COMPILER_COMPLICATION_NAME = Complication;
				CLANG_ENABLE_OBJC_WEAK = YES;
				CODE_SIGN_ENTITLEMENTS = "Pius-App for WatchOS Extension/Pius-App for WatchOS Extension.entitlements";
				CODE_SIGN_STYLE = Manual;
				DEVELOPMENT_TEAM = A6MLRJ6C45;
				INFOPLIST_FILE = "Pius-App for WatchOS Extension/Info.plist";
				LD_RUNPATH_SEARCH_PATHS = "$(inherited) @executable_path/Frameworks @executable_path/../../Frameworks";
				MTL_ENABLE_DEBUG_INFO = INCLUDE_SOURCE;
				MTL_FAST_MATH = YES;
				PRODUCT_BUNDLE_IDENTIFIER = de.rmkrings.piusapp.watchkitapp.watchkitextension;
				PRODUCT_NAME = "${TARGET_NAME}";
				PROVISIONING_PROFILE_SPECIFIER = "Debug Extension on AppleWatch";
				SDKROOT = watchos;
				SKIP_INSTALL = YES;
				SWIFT_VERSION = 5.0;
				TARGETED_DEVICE_FAMILY = 4;
				WATCHOS_DEPLOYMENT_TARGET = 5.1;
			};
			name = Debug;
		};
		4C48F6BB21F4E01500B20505 /* Release */ = {
			isa = XCBuildConfiguration;
			buildSettings = {
				ASSETCATALOG_COMPILER_COMPLICATION_NAME = Complication;
				CLANG_ENABLE_OBJC_WEAK = YES;
				CODE_SIGN_ENTITLEMENTS = "Pius-App for WatchOS Extension/Pius-App for WatchOS Extension.entitlements";
				CODE_SIGN_IDENTITY = "iPhone Distribution";
				CODE_SIGN_STYLE = Manual;
				DEVELOPMENT_TEAM = A6MLRJ6C45;
				INFOPLIST_FILE = "Pius-App for WatchOS Extension/Info.plist";
				LD_RUNPATH_SEARCH_PATHS = "$(inherited) @executable_path/Frameworks @executable_path/../../Frameworks";
				MTL_FAST_MATH = YES;
				PRODUCT_BUNDLE_IDENTIFIER = de.rmkrings.piusapp.watchkitapp.watchkitextension;
				PRODUCT_NAME = "${TARGET_NAME}";
				PROVISIONING_PROFILE_SPECIFIER = "Provision WatchApp Extension to App Store";
				SDKROOT = watchos;
				SKIP_INSTALL = YES;
				SWIFT_VERSION = 5.0;
				TARGETED_DEVICE_FAMILY = 4;
				WATCHOS_DEPLOYMENT_TARGET = 5.1;
			};
			name = Release;
		};
		4C48F6BE21F4E01500B20505 /* Debug */ = {
			isa = XCBuildConfiguration;
			buildSettings = {
				ALWAYS_EMBED_SWIFT_STANDARD_LIBRARIES = YES;
				ASSETCATALOG_COMPILER_APPICON_NAME = AppIcon;
				CLANG_ENABLE_OBJC_WEAK = YES;
				CODE_SIGN_ENTITLEMENTS = "Pius-App for WatchOS/Pius-App for WatchOS.entitlements";
				CODE_SIGN_IDENTITY = "iPhone Developer";
				"CODE_SIGN_IDENTITY[sdk=iphoneos*]" = "iPhone Developer";
				CODE_SIGN_STYLE = Manual;
				DEVELOPMENT_TEAM = A6MLRJ6C45;
				IBSC_MODULE = Pius_App_for_WatchOS_Extension;
				INFOPLIST_FILE = "Pius-App for WatchOS/Info.plist";
				MTL_ENABLE_DEBUG_INFO = INCLUDE_SOURCE;
				MTL_FAST_MATH = YES;
				PRODUCT_BUNDLE_IDENTIFIER = de.rmkrings.piusapp.watchkitapp;
				PRODUCT_NAME = "$(TARGET_NAME)";
				PROVISIONING_PROFILE_SPECIFIER = "Debug on AppleWatch";
				SDKROOT = watchos;
				SKIP_INSTALL = YES;
				SWIFT_VERSION = 4.2;
				TARGETED_DEVICE_FAMILY = 4;
				WATCHOS_DEPLOYMENT_TARGET = 5.1;
			};
			name = Debug;
		};
		4C48F6BF21F4E01500B20505 /* Release */ = {
			isa = XCBuildConfiguration;
			buildSettings = {
				ALWAYS_EMBED_SWIFT_STANDARD_LIBRARIES = YES;
				ASSETCATALOG_COMPILER_APPICON_NAME = AppIcon;
				CLANG_ENABLE_OBJC_WEAK = YES;
				CODE_SIGN_ENTITLEMENTS = "Pius-App for WatchOS/Pius-App for WatchOS.entitlements";
				CODE_SIGN_IDENTITY = "iPhone Distribution";
				"CODE_SIGN_IDENTITY[sdk=iphoneos*]" = "iPhone Distribution";
				CODE_SIGN_STYLE = Manual;
				DEVELOPMENT_TEAM = A6MLRJ6C45;
				IBSC_MODULE = Pius_App_for_WatchOS_Extension;
				INFOPLIST_FILE = "Pius-App for WatchOS/Info.plist";
				MTL_FAST_MATH = YES;
				PRODUCT_BUNDLE_IDENTIFIER = de.rmkrings.piusapp.watchkitapp;
				PRODUCT_NAME = "$(TARGET_NAME)";
				PROVISIONING_PROFILE_SPECIFIER = "Provision WatchApp to AppStore";
				SDKROOT = watchos;
				SKIP_INSTALL = YES;
				SWIFT_VERSION = 4.2;
				TARGETED_DEVICE_FAMILY = 4;
				WATCHOS_DEPLOYMENT_TARGET = 5.1;
			};
			name = Release;
		};
		4C7C22A72043117800ACA17B /* Debug */ = {
			isa = XCBuildConfiguration;
			buildSettings = {
				ALWAYS_SEARCH_USER_PATHS = NO;
				CLANG_ANALYZER_LOCALIZABILITY_NONLOCALIZED = YES;
				CLANG_ANALYZER_NONNULL = YES;
				CLANG_ANALYZER_NUMBER_OBJECT_CONVERSION = YES_AGGRESSIVE;
				CLANG_CXX_LANGUAGE_STANDARD = "gnu++14";
				CLANG_CXX_LIBRARY = "libc++";
				CLANG_ENABLE_MODULES = YES;
				CLANG_ENABLE_OBJC_ARC = YES;
				CLANG_WARN_BLOCK_CAPTURE_AUTORELEASING = YES;
				CLANG_WARN_BOOL_CONVERSION = YES;
				CLANG_WARN_COMMA = YES;
				CLANG_WARN_CONSTANT_CONVERSION = YES;
				CLANG_WARN_DEPRECATED_OBJC_IMPLEMENTATIONS = YES;
				CLANG_WARN_DIRECT_OBJC_ISA_USAGE = YES_ERROR;
				CLANG_WARN_DOCUMENTATION_COMMENTS = YES;
				CLANG_WARN_EMPTY_BODY = YES;
				CLANG_WARN_ENUM_CONVERSION = YES;
				CLANG_WARN_INFINITE_RECURSION = YES;
				CLANG_WARN_INT_CONVERSION = YES;
				CLANG_WARN_NON_LITERAL_NULL_CONVERSION = YES;
				CLANG_WARN_OBJC_IMPLICIT_RETAIN_SELF = YES;
				CLANG_WARN_OBJC_LITERAL_CONVERSION = YES;
				CLANG_WARN_OBJC_ROOT_CLASS = YES_ERROR;
				CLANG_WARN_RANGE_LOOP_ANALYSIS = YES;
				CLANG_WARN_STRICT_PROTOTYPES = YES;
				CLANG_WARN_SUSPICIOUS_MOVE = YES;
				CLANG_WARN_UNGUARDED_AVAILABILITY = YES_AGGRESSIVE;
				CLANG_WARN_UNREACHABLE_CODE = YES;
				CLANG_WARN__DUPLICATE_METHOD_MATCH = YES;
				CODE_SIGN_IDENTITY = "iPhone Developer";
				COPY_PHASE_STRIP = NO;
				DEBUG_INFORMATION_FORMAT = dwarf;
				ENABLE_STRICT_OBJC_MSGSEND = YES;
				ENABLE_TESTABILITY = YES;
				GCC_C_LANGUAGE_STANDARD = gnu11;
				GCC_DYNAMIC_NO_PIC = NO;
				GCC_NO_COMMON_BLOCKS = YES;
				GCC_OPTIMIZATION_LEVEL = 0;
				GCC_PREPROCESSOR_DEFINITIONS = (
					"DEBUG=1",
					"$(inherited)",
				);
				GCC_WARN_64_TO_32_BIT_CONVERSION = YES;
				GCC_WARN_ABOUT_RETURN_TYPE = YES_ERROR;
				GCC_WARN_UNDECLARED_SELECTOR = YES;
				GCC_WARN_UNINITIALIZED_AUTOS = YES_AGGRESSIVE;
				GCC_WARN_UNUSED_FUNCTION = YES;
				GCC_WARN_UNUSED_VARIABLE = YES;
				IPHONEOS_DEPLOYMENT_TARGET = 11.2;
				MTL_ENABLE_DEBUG_INFO = YES;
				ONLY_ACTIVE_ARCH = YES;
				SDKROOT = iphoneos;
				SWIFT_ACTIVE_COMPILATION_CONDITIONS = DEBUG;
				SWIFT_OPTIMIZATION_LEVEL = "-Onone";
			};
			name = Debug;
		};
		4C7C22A82043117800ACA17B /* Release */ = {
			isa = XCBuildConfiguration;
			buildSettings = {
				ALWAYS_SEARCH_USER_PATHS = NO;
				CLANG_ANALYZER_LOCALIZABILITY_NONLOCALIZED = YES;
				CLANG_ANALYZER_NONNULL = YES;
				CLANG_ANALYZER_NUMBER_OBJECT_CONVERSION = YES_AGGRESSIVE;
				CLANG_CXX_LANGUAGE_STANDARD = "gnu++14";
				CLANG_CXX_LIBRARY = "libc++";
				CLANG_ENABLE_MODULES = YES;
				CLANG_ENABLE_OBJC_ARC = YES;
				CLANG_WARN_BLOCK_CAPTURE_AUTORELEASING = YES;
				CLANG_WARN_BOOL_CONVERSION = YES;
				CLANG_WARN_COMMA = YES;
				CLANG_WARN_CONSTANT_CONVERSION = YES;
				CLANG_WARN_DEPRECATED_OBJC_IMPLEMENTATIONS = YES;
				CLANG_WARN_DIRECT_OBJC_ISA_USAGE = YES_ERROR;
				CLANG_WARN_DOCUMENTATION_COMMENTS = YES;
				CLANG_WARN_EMPTY_BODY = YES;
				CLANG_WARN_ENUM_CONVERSION = YES;
				CLANG_WARN_INFINITE_RECURSION = YES;
				CLANG_WARN_INT_CONVERSION = YES;
				CLANG_WARN_NON_LITERAL_NULL_CONVERSION = YES;
				CLANG_WARN_OBJC_IMPLICIT_RETAIN_SELF = YES;
				CLANG_WARN_OBJC_LITERAL_CONVERSION = YES;
				CLANG_WARN_OBJC_ROOT_CLASS = YES_ERROR;
				CLANG_WARN_RANGE_LOOP_ANALYSIS = YES;
				CLANG_WARN_STRICT_PROTOTYPES = YES;
				CLANG_WARN_SUSPICIOUS_MOVE = YES;
				CLANG_WARN_UNGUARDED_AVAILABILITY = YES_AGGRESSIVE;
				CLANG_WARN_UNREACHABLE_CODE = YES;
				CLANG_WARN__DUPLICATE_METHOD_MATCH = YES;
				CODE_SIGN_IDENTITY = "iPhone Developer";
				COPY_PHASE_STRIP = NO;
				DEBUG_INFORMATION_FORMAT = "dwarf-with-dsym";
				ENABLE_NS_ASSERTIONS = NO;
				ENABLE_STRICT_OBJC_MSGSEND = YES;
				GCC_C_LANGUAGE_STANDARD = gnu11;
				GCC_NO_COMMON_BLOCKS = YES;
				GCC_WARN_64_TO_32_BIT_CONVERSION = YES;
				GCC_WARN_ABOUT_RETURN_TYPE = YES_ERROR;
				GCC_WARN_UNDECLARED_SELECTOR = YES;
				GCC_WARN_UNINITIALIZED_AUTOS = YES_AGGRESSIVE;
				GCC_WARN_UNUSED_FUNCTION = YES;
				GCC_WARN_UNUSED_VARIABLE = YES;
				IPHONEOS_DEPLOYMENT_TARGET = 11.2;
				MTL_ENABLE_DEBUG_INFO = NO;
				SDKROOT = iphoneos;
				SWIFT_OPTIMIZATION_LEVEL = "-Owholemodule";
				VALIDATE_PRODUCT = YES;
			};
			name = Release;
		};
		4C7C22AA2043117800ACA17B /* Debug */ = {
			isa = XCBuildConfiguration;
			buildSettings = {
				ALWAYS_EMBED_SWIFT_STANDARD_LIBRARIES = YES;
				ALWAYS_SHOW_ONBOARDING = false;
				API_KEY = "heSXxSOvNcl8J4UB9$#TV9TUZ3zClbX$EyOQzKiqGWxRgonzSe";
				ASSETCATALOG_COMPILER_APPICON_NAME = AppIcon;
				CODE_SIGN_ENTITLEMENTS = "Pius-App/Pius-App.entitlements";
				CODE_SIGN_IDENTITY = "iPhone Developer";
				"CODE_SIGN_IDENTITY[sdk=iphoneos*]" = "iPhone Developer";
				CODE_SIGN_STYLE = Manual;
				DEVELOPMENT_TEAM = A6MLRJ6C45;
				FRAMEWORK_SEARCH_PATHS = (
					"$(inherited)",
					"$(PROJECT_DIR)/Carthage/Build/iOS",
				);
				HOST_ADDRESS = "http://localhost:3000";
				INFOPLIST_FILE = "Pius-App/Info.plist";
				LD_RUNPATH_SEARCH_PATHS = "$(inherited) @executable_path/Frameworks";
				PRODUCT_BUNDLE_IDENTIFIER = de.rmkrings.piusapp;
				PRODUCT_NAME = "$(TARGET_NAME)";
				PROVISIONING_PROFILE = "cf5ddccf-af75-4b91-9ce3-82be1c98da3f";
				PROVISIONING_PROFILE_SPECIFIER = "Debug on iPhone";
				SWIFT_VERSION = 5.0;
				TARGETED_DEVICE_FAMILY = 1;
			};
			name = Debug;
		};
		4C7C22AB2043117800ACA17B /* Release */ = {
			isa = XCBuildConfiguration;
			buildSettings = {
				ALWAYS_EMBED_SWIFT_STANDARD_LIBRARIES = YES;
				ALWAYS_SHOW_ONBOARDING = false;
				API_KEY = "heSXxSOvNcl8J4UB9$#TV9TUZ3zClbX$EyOQzKiqGWxRgonzSe";
				ASSETCATALOG_COMPILER_APPICON_NAME = AppIcon;
				CODE_SIGN_ENTITLEMENTS = "Pius-App/Pius-App.entitlements";
				CODE_SIGN_IDENTITY = "iPhone Distribution";
				"CODE_SIGN_IDENTITY[sdk=iphoneos*]" = "iPhone Distribution";
				CODE_SIGN_STYLE = Manual;
				DEVELOPMENT_TEAM = A6MLRJ6C45;
				FRAMEWORK_SEARCH_PATHS = (
					"$(inherited)",
					"$(PROJECT_DIR)/Carthage/Build/iOS",
				);
				HOST_ADDRESS = "https://pius-gateway.eu-de.mybluemix.net";
				INFOPLIST_FILE = "Pius-App/Info.plist";
				LD_RUNPATH_SEARCH_PATHS = "$(inherited) @executable_path/Frameworks";
				PRODUCT_BUNDLE_IDENTIFIER = de.rmkrings.piusapp;
				PRODUCT_NAME = "$(TARGET_NAME)";
				PROVISIONING_PROFILE = "e2052aaa-c79f-4adb-bac3-6b40135ac9c5";
				PROVISIONING_PROFILE_SPECIFIER = "Provision to App Store";
				SWIFT_VERSION = 5.0;
				TARGETED_DEVICE_FAMILY = 1;
			};
			name = Release;
		};
		4C7C22AD2043117800ACA17B /* Debug */ = {
			isa = XCBuildConfiguration;
			buildSettings = {
				ALWAYS_EMBED_SWIFT_STANDARD_LIBRARIES = YES;
				CODE_SIGN_STYLE = Automatic;
				DEVELOPMENT_TEAM = YJV7R7837M;
				INFOPLIST_FILE = "Pius-AppUITests/Info.plist";
				LD_RUNPATH_SEARCH_PATHS = "$(inherited) @executable_path/Frameworks @loader_path/Frameworks";
				PRODUCT_BUNDLE_IDENTIFIER = "FK.Pius-AppUITests";
				PRODUCT_NAME = "$(TARGET_NAME)";
				SWIFT_VERSION = 5.0;
				TARGETED_DEVICE_FAMILY = "1,2";
				TEST_TARGET_NAME = "Pius-App";
			};
			name = Debug;
		};
		4C7C22AE2043117800ACA17B /* Release */ = {
			isa = XCBuildConfiguration;
			buildSettings = {
				ALWAYS_EMBED_SWIFT_STANDARD_LIBRARIES = YES;
				CODE_SIGN_STYLE = Automatic;
				DEVELOPMENT_TEAM = YJV7R7837M;
				INFOPLIST_FILE = "Pius-AppUITests/Info.plist";
				LD_RUNPATH_SEARCH_PATHS = "$(inherited) @executable_path/Frameworks @loader_path/Frameworks";
				PRODUCT_BUNDLE_IDENTIFIER = "FK.Pius-AppUITests";
				PRODUCT_NAME = "$(TARGET_NAME)";
				SWIFT_VERSION = 5.0;
				TARGETED_DEVICE_FAMILY = "1,2";
				TEST_TARGET_NAME = "Pius-App";
			};
			name = Release;
		};
		4CB3EC7F20DC0ECB00BBEAE0 /* Debug */ = {
			isa = XCBuildConfiguration;
			buildSettings = {
				CLANG_ENABLE_OBJC_WEAK = YES;
				CODE_SIGN_ENTITLEMENTS = "Pius-App-Extension/Pius-App-Extension.entitlements";
				CODE_SIGN_IDENTITY = "iPhone Developer";
				CODE_SIGN_STYLE = Manual;
				DEVELOPMENT_TEAM = A6MLRJ6C45;
				HOST_ADDRESS = "https://pius-gateway-ng.eu-gb.mybluemix.net";
				INFOPLIST_FILE = "Pius-App-Extension/Info.plist";
				IPHONEOS_DEPLOYMENT_TARGET = 11.2;
				LD_RUNPATH_SEARCH_PATHS = "$(inherited) @executable_path/Frameworks @executable_path/../../Frameworks";
				PRODUCT_BUNDLE_IDENTIFIER = "de.rmkrings.piusapp.pius-app-extension";
				PRODUCT_NAME = "$(TARGET_NAME)";
				PROVISIONING_PROFILE = "497c7351-5074-4a9d-8f5d-ceb39301ed08";
				PROVISIONING_PROFILE_SPECIFIER = "Debug Extension on iPhone";
				SKIP_INSTALL = YES;
				SWIFT_VERSION = 5.0;
				TARGETED_DEVICE_FAMILY = "1,2";
			};
			name = Debug;
		};
		4CB3EC8020DC0ECB00BBEAE0 /* Release */ = {
			isa = XCBuildConfiguration;
			buildSettings = {
				CLANG_ENABLE_OBJC_WEAK = YES;
				CODE_SIGN_ENTITLEMENTS = "Pius-App-Extension/Pius-App-Extension.entitlements";
				CODE_SIGN_IDENTITY = "iPhone Distribution";
				CODE_SIGN_STYLE = Manual;
				DEVELOPMENT_TEAM = A6MLRJ6C45;
				HOST_ADDRESS = "https://pius-gateway.eu-de.mybluemix.net";
				INFOPLIST_FILE = "Pius-App-Extension/Info.plist";
				IPHONEOS_DEPLOYMENT_TARGET = 11.2;
				LD_RUNPATH_SEARCH_PATHS = "$(inherited) @executable_path/Frameworks @executable_path/../../Frameworks";
				PRODUCT_BUNDLE_IDENTIFIER = "de.rmkrings.piusapp.pius-app-extension";
				PRODUCT_NAME = "$(TARGET_NAME)";
				PROVISIONING_PROFILE = "4dfe11e4-1cf3-4ce6-a67e-05c2934de45f";
				PROVISIONING_PROFILE_SPECIFIER = "Provision Extension to App Store";
				SKIP_INSTALL = YES;
				SWIFT_VERSION = 5.0;
				TARGETED_DEVICE_FAMILY = "1,2";
			};
			name = Release;
		};
		4CFB123A210F887E00BC4B44 /* Debug */ = {
			isa = XCBuildConfiguration;
			buildSettings = {
				CLANG_ENABLE_OBJC_WEAK = YES;
				CODE_SIGN_ENTITLEMENTS = "Pius-App Notification-Extension/Pius-App Notification-Extension.entitlements";
				CODE_SIGN_IDENTITY = "iPhone Developer";
				"CODE_SIGN_IDENTITY[sdk=iphoneos*]" = "iPhone Developer";
				CODE_SIGN_STYLE = Manual;
				DEVELOPMENT_TEAM = A6MLRJ6C45;
				INFOPLIST_FILE = "Pius-App Notification-Extension/Info.plist";
				IPHONEOS_DEPLOYMENT_TARGET = 11.2;
				LD_RUNPATH_SEARCH_PATHS = "$(inherited) @executable_path/Frameworks @executable_path/../../Frameworks";
				PRODUCT_BUNDLE_IDENTIFIER = "de.rmkrings.piusapp.notification-extension";
				PRODUCT_NAME = "$(TARGET_NAME)";
				PROVISIONING_PROFILE = "09d76f16-6033-4c3a-95ce-45a9a956c1c6";
				PROVISIONING_PROFILE_SPECIFIER = "Debug Notification Extension on iPhone";
				SKIP_INSTALL = YES;
				SWIFT_VERSION = 5.0;
				TARGETED_DEVICE_FAMILY = "1,2";
			};
			name = Debug;
		};
		4CFB123B210F887E00BC4B44 /* Release */ = {
			isa = XCBuildConfiguration;
			buildSettings = {
				CLANG_ENABLE_OBJC_WEAK = YES;
				CODE_SIGN_ENTITLEMENTS = "Pius-App Notification-Extension/Pius-App Notification-Extension.entitlements";
				CODE_SIGN_IDENTITY = "iPhone Distribution";
				"CODE_SIGN_IDENTITY[sdk=iphoneos*]" = "iPhone Distribution";
				CODE_SIGN_STYLE = Manual;
				DEVELOPMENT_TEAM = A6MLRJ6C45;
				INFOPLIST_FILE = "Pius-App Notification-Extension/Info.plist";
				IPHONEOS_DEPLOYMENT_TARGET = 11.2;
				LD_RUNPATH_SEARCH_PATHS = "$(inherited) @executable_path/Frameworks @executable_path/../../Frameworks";
				PRODUCT_BUNDLE_IDENTIFIER = "de.rmkrings.piusapp.notification-extension";
				PRODUCT_NAME = "$(TARGET_NAME)";
				PROVISIONING_PROFILE = "471b210c-739e-4d68-9173-110200c7a5c7";
				PROVISIONING_PROFILE_SPECIFIER = "Provision Notification Extension to App Store";
				SKIP_INSTALL = YES;
				SWIFT_VERSION = 5.0;
				TARGETED_DEVICE_FAMILY = "1,2";
			};
			name = Release;
		};
/* End XCBuildConfiguration section */

/* Begin XCConfigurationList section */
		4C48F6B921F4E01500B20505 /* Build configuration list for PBXNativeTarget "Pius-App for WatchOS Extension" */ = {
			isa = XCConfigurationList;
			buildConfigurations = (
				4C48F6BA21F4E01500B20505 /* Debug */,
				4C48F6BB21F4E01500B20505 /* Release */,
			);
			defaultConfigurationIsVisible = 0;
			defaultConfigurationName = Release;
		};
		4C48F6BD21F4E01500B20505 /* Build configuration list for PBXNativeTarget "Pius-App for WatchOS" */ = {
			isa = XCConfigurationList;
			buildConfigurations = (
				4C48F6BE21F4E01500B20505 /* Debug */,
				4C48F6BF21F4E01500B20505 /* Release */,
			);
			defaultConfigurationIsVisible = 0;
			defaultConfigurationName = Release;
		};
		4C7C22872043117700ACA17B /* Build configuration list for PBXProject "Pius-App" */ = {
			isa = XCConfigurationList;
			buildConfigurations = (
				4C7C22A72043117800ACA17B /* Debug */,
				4C7C22A82043117800ACA17B /* Release */,
			);
			defaultConfigurationIsVisible = 0;
			defaultConfigurationName = Release;
		};
		4C7C22A92043117800ACA17B /* Build configuration list for PBXNativeTarget "Pius-App" */ = {
			isa = XCConfigurationList;
			buildConfigurations = (
				4C7C22AA2043117800ACA17B /* Debug */,
				4C7C22AB2043117800ACA17B /* Release */,
			);
			defaultConfigurationIsVisible = 0;
			defaultConfigurationName = Release;
		};
		4C7C22AC2043117800ACA17B /* Build configuration list for PBXNativeTarget "Pius-AppUITests" */ = {
			isa = XCConfigurationList;
			buildConfigurations = (
				4C7C22AD2043117800ACA17B /* Debug */,
				4C7C22AE2043117800ACA17B /* Release */,
			);
			defaultConfigurationIsVisible = 0;
			defaultConfigurationName = Release;
		};
		4CB3EC8120DC0ECB00BBEAE0 /* Build configuration list for PBXNativeTarget "Pius-App-Extension" */ = {
			isa = XCConfigurationList;
			buildConfigurations = (
				4CB3EC7F20DC0ECB00BBEAE0 /* Debug */,
				4CB3EC8020DC0ECB00BBEAE0 /* Release */,
			);
			defaultConfigurationIsVisible = 0;
			defaultConfigurationName = Release;
		};
		4CFB123C210F887E00BC4B44 /* Build configuration list for PBXNativeTarget "Pius-App Notification-Extension" */ = {
			isa = XCConfigurationList;
			buildConfigurations = (
				4CFB123A210F887E00BC4B44 /* Debug */,
				4CFB123B210F887E00BC4B44 /* Release */,
			);
			defaultConfigurationIsVisible = 0;
			defaultConfigurationName = Release;
		};
/* End XCConfigurationList section */
	};
	rootObject = 4C7C22842043117700ACA17B /* Project object */;
}
